// !$*UTF8*$!
{
	archiveVersion = 1;
	classes = {
	};
	objectVersion = 56;
	objects = {

/* Begin PBXBuildFile section */
		A20380E72B95697E00278493 /* UserAPI.swift in Sources */ = {isa = PBXBuildFile; fileRef = A20380E62B95697E00278493 /* UserAPI.swift */; };
		A20380E92B95852500278493 /* CommonAPI.swift in Sources */ = {isa = PBXBuildFile; fileRef = A20380E82B95852500278493 /* CommonAPI.swift */; };
		A205EBF92B97EE2800165A43 /* 兴趣标签.json in Resources */ = {isa = PBXBuildFile; fileRef = A205EBF82B97EE2800165A43 /* 兴趣标签.json */; };
		A205EBFB2B97FCE100165A43 /* YuanyuanManager.swift in Sources */ = {isa = PBXBuildFile; fileRef = A205EBFA2B97FCE100165A43 /* YuanyuanManager.swift */; };
		A20AF7562B92BF400098E561 /* WebImage.swift in Sources */ = {isa = PBXBuildFile; fileRef = A20AF7552B92BF400098E561 /* WebImage.swift */; };
		A20AF7582B92C42F0098E561 /* XMTyperText.swift in Sources */ = {isa = PBXBuildFile; fileRef = A20AF7572B92C42F0098E561 /* XMTyperText.swift */; };
		A20AF75C2B9300260098E561 /* LocationManager.swift in Sources */ = {isa = PBXBuildFile; fileRef = A20AF75B2B9300260098E561 /* LocationManager.swift */; };
		A20AF75E2B931DF60098E561 /* ProfileEditView.swift in Sources */ = {isa = PBXBuildFile; fileRef = A20AF75D2B931DF60098E561 /* ProfileEditView.swift */; };
		A2218D6B2B89C3BE00ECE075 /* Photos.framework in Frameworks */ = {isa = PBXBuildFile; fileRef = A2218D6A2B89C3BE00ECE075 /* Photos.framework */; };
		A256DB972B900BF6008C7063 /* WebView.swift in Sources */ = {isa = PBXBuildFile; fileRef = A256DB962B900BF6008C7063 /* WebView.swift */; };
		A256DB992B901C88008C7063 /* AppConfig.plist in Resources */ = {isa = PBXBuildFile; fileRef = A256DB982B901C88008C7063 /* AppConfig.plist */; };
		A256DB9B2B901C9F008C7063 /* AppConfig.swift in Sources */ = {isa = PBXBuildFile; fileRef = A256DB9A2B901C9F008C7063 /* AppConfig.swift */; };
		A256DBA32B9045DB008C7063 /* TUIConversationXMTheme.bundle in Resources */ = {isa = PBXBuildFile; fileRef = A256DBA22B9045DB008C7063 /* TUIConversationXMTheme.bundle */; };
		A256DBA52B904622008C7063 /* TUICoreXMTheme.bundle in Resources */ = {isa = PBXBuildFile; fileRef = A256DBA42B904622008C7063 /* TUICoreXMTheme.bundle */; };
		A256DBA72B906737008C7063 /* HotBuyView.swift in Sources */ = {isa = PBXBuildFile; fileRef = A256DBA62B906737008C7063 /* HotBuyView.swift */; };
		A256DBAA2B907E7A008C7063 /* PostEditView.swift in Sources */ = {isa = PBXBuildFile; fileRef = A256DBA92B907E7A008C7063 /* PostEditView.swift */; };
		A25AAD202B8ECEB200B7CE40 /* UserInfoRequestViewModel.swift in Sources */ = {isa = PBXBuildFile; fileRef = A25AAD1F2B8ECEB200B7CE40 /* UserInfoRequestViewModel.swift */; };
		A25AAD222B8ED29D00B7CE40 /* NameRequestView.swift in Sources */ = {isa = PBXBuildFile; fileRef = A25AAD212B8ED29D00B7CE40 /* NameRequestView.swift */; };
		A25AAD242B8EDE5000B7CE40 /* AvatarRequestView.swift in Sources */ = {isa = PBXBuildFile; fileRef = A25AAD232B8EDE5000B7CE40 /* AvatarRequestView.swift */; };
		A25AAD262B8EE9BE00B7CE40 /* PhotoSelector.swift in Sources */ = {isa = PBXBuildFile; fileRef = A25AAD252B8EE9BE00B7CE40 /* PhotoSelector.swift */; };
		A25AAD282B8EF06400B7CE40 /* MorePhotoRequestView.swift in Sources */ = {isa = PBXBuildFile; fileRef = A25AAD272B8EF06400B7CE40 /* MorePhotoRequestView.swift */; };
		A25AAD2A2B8EF6B600B7CE40 /* BrithdayDayRequestView.swift in Sources */ = {isa = PBXBuildFile; fileRef = A25AAD292B8EF6B600B7CE40 /* BrithdayDayRequestView.swift */; };
		A25AAD2C2B8EF7FD00B7CE40 /* SexRequestView.swift in Sources */ = {isa = PBXBuildFile; fileRef = A25AAD2B2B8EF7FD00B7CE40 /* SexRequestView.swift */; };
		A25AAD2E2B8EFE9900B7CE40 /* AliOSSManager.swift in Sources */ = {isa = PBXBuildFile; fileRef = A25AAD2D2B8EFE9900B7CE40 /* AliOSSManager.swift */; };
		A25AAD302B8F19A900B7CE40 /* RelationHopeRequestView.swift in Sources */ = {isa = PBXBuildFile; fileRef = A25AAD2F2B8F19A900B7CE40 /* RelationHopeRequestView.swift */; };
		A25AAD322B8F1D3700B7CE40 /* HobbyRequestView.swift in Sources */ = {isa = PBXBuildFile; fileRef = A25AAD312B8F1D3700B7CE40 /* HobbyRequestView.swift */; };
		A25AAD342B8F1E9500B7CE40 /* HeightRequestView.swift in Sources */ = {isa = PBXBuildFile; fileRef = A25AAD332B8F1E9500B7CE40 /* HeightRequestView.swift */; };
		A25AAD362B8F238600B7CE40 /* DrinkRequestView.swift in Sources */ = {isa = PBXBuildFile; fileRef = A25AAD352B8F238600B7CE40 /* DrinkRequestView.swift */; };
		A25AAD382B8F238E00B7CE40 /* SmokeRequestView.swift in Sources */ = {isa = PBXBuildFile; fileRef = A25AAD372B8F238E00B7CE40 /* SmokeRequestView.swift */; };
		A25AAD3A2B8F246C00B7CE40 /* BioRequestView.swift in Sources */ = {isa = PBXBuildFile; fileRef = A25AAD392B8F246C00B7CE40 /* BioRequestView.swift */; };
		A25AAD3C2B8F26B700B7CE40 /* RequestCompleteView.swift in Sources */ = {isa = PBXBuildFile; fileRef = A25AAD3B2B8F26B700B7CE40 /* RequestCompleteView.swift */; };
		A25AAD3E2B8F4E7400B7CE40 /* BdsmRequestView.swift in Sources */ = {isa = PBXBuildFile; fileRef = A25AAD3D2B8F4E7400B7CE40 /* BdsmRequestView.swift */; };
		A25AAD412B90073B00B7CE40 /* WechatRequestView.swift in Sources */ = {isa = PBXBuildFile; fileRef = A25AAD402B90073B00B7CE40 /* WechatRequestView.swift */; };
		A26A02FE2B876ED900F6AC9B /* LoginBackgroundVideo.mp4 in Resources */ = {isa = PBXBuildFile; fileRef = A26A02FD2B876ED900F6AC9B /* LoginBackgroundVideo.mp4 */; };
		A26A03012B88C77000F6AC9B /* MainViewModel.swift in Sources */ = {isa = PBXBuildFile; fileRef = A26A03002B88C77000F6AC9B /* MainViewModel.swift */; };
		A26A03042B88C88800F6AC9B /* MainTabbar.swift in Sources */ = {isa = PBXBuildFile; fileRef = A26A03032B88C88800F6AC9B /* MainTabbar.swift */; };
		A26A03072B88C92000F6AC9B /* Public.swift in Sources */ = {isa = PBXBuildFile; fileRef = A26A03062B88C92000F6AC9B /* Public.swift */; };
		A26A030A2B89AEAE00F6AC9B /* Bridge.m in Sources */ = {isa = PBXBuildFile; fileRef = A26A03092B89AEAE00F6AC9B /* Bridge.m */; };
		A26A030C2B89AF2A00F6AC9B /* AppDelegate.swift in Sources */ = {isa = PBXBuildFile; fileRef = A26A030B2B89AF2A00F6AC9B /* AppDelegate.swift */; };
		A26A030D2B89B43300F6AC9B /* SMON-Bridging-Header.h in Sources */ = {isa = PBXBuildFile; fileRef = A26A03082B89AEAE00F6AC9B /* SMON-Bridging-Header.h */; };
		A26B53BE2B9BF51E00BD748F /* BannerRow.swift in Sources */ = {isa = PBXBuildFile; fileRef = A26B53BD2B9BF51E00BD748F /* BannerRow.swift */; };
		A272A46B2B8706FB008EA955 /* SMONApp.swift in Sources */ = {isa = PBXBuildFile; fileRef = A272A46A2B8706FB008EA955 /* SMONApp.swift */; };
		A272A46F2B8706FC008EA955 /* Assets.xcassets in Resources */ = {isa = PBXBuildFile; fileRef = A272A46E2B8706FC008EA955 /* Assets.xcassets */; };
		A272A4722B8706FC008EA955 /* Preview Assets.xcassets in Resources */ = {isa = PBXBuildFile; fileRef = A272A4712B8706FC008EA955 /* Preview Assets.xcassets */; };
		A272A4742B8706FC008EA955 /* Persistence.swift in Sources */ = {isa = PBXBuildFile; fileRef = A272A4732B8706FC008EA955 /* Persistence.swift */; };
		A272A4772B8706FC008EA955 /* SMON.xcdatamodeld in Sources */ = {isa = PBXBuildFile; fileRef = A272A4752B8706FC008EA955 /* SMON.xcdatamodeld */; };
		A272A47F2B870C65008EA955 /* Pow in Frameworks */ = {isa = PBXBuildFile; productRef = A272A47E2B870C65008EA955 /* Pow */; };
		A272A4822B870C73008EA955 /* SwiftUIX in Frameworks */ = {isa = PBXBuildFile; productRef = A272A4812B870C73008EA955 /* SwiftUIX */; };
		A272A4852B871C77008EA955 /* MainView.swift in Sources */ = {isa = PBXBuildFile; fileRef = A272A4842B871C77008EA955 /* MainView.swift */; };
		A272A48D2B871CF9008EA955 /* ProfileView.swift in Sources */ = {isa = PBXBuildFile; fileRef = A272A48C2B871CF9008EA955 /* ProfileView.swift */; };
		A272A48F2B871CFD008EA955 /* RankView.swift in Sources */ = {isa = PBXBuildFile; fileRef = A272A48E2B871CFD008EA955 /* RankView.swift */; };
		A272A4912B871D03008EA955 /* ConversationListView.swift in Sources */ = {isa = PBXBuildFile; fileRef = A272A4902B871D03008EA955 /* ConversationListView.swift */; };
		A272A4932B871D1A008EA955 /* PostFeedView.swift in Sources */ = {isa = PBXBuildFile; fileRef = A272A4922B871D1A008EA955 /* PostFeedView.swift */; };
		A272A4952B871D80008EA955 /* AppFeaturesView.swift in Sources */ = {isa = PBXBuildFile; fileRef = A272A4942B871D80008EA955 /* AppFeaturesView.swift */; };
		A272A4972B871D8D008EA955 /* LoginMainView.swift in Sources */ = {isa = PBXBuildFile; fileRef = A272A4962B871D8D008EA955 /* LoginMainView.swift */; };
		A2784F152B90CA4900A1B06F /* UIViewController+.swift in Sources */ = {isa = PBXBuildFile; fileRef = A2784F142B90CA4900A1B06F /* UIViewController+.swift */; };
		A2784F172B9166CB00A1B06F /* ProfileHomeView.swift in Sources */ = {isa = PBXBuildFile; fileRef = A2784F162B9166CB00A1B06F /* ProfileHomeView.swift */; };
		A2784F1B2B91851200A1B06F /* CoinshopView.swift in Sources */ = {isa = PBXBuildFile; fileRef = A2784F1A2B91851200A1B06F /* CoinshopView.swift */; };
		A2784F1D2B91851800A1B06F /* MyHotInfoView.swift in Sources */ = {isa = PBXBuildFile; fileRef = A2784F1C2B91851800A1B06F /* MyHotInfoView.swift */; };
		A2784F1F2B91852100A1B06F /* RelationListView.swift in Sources */ = {isa = PBXBuildFile; fileRef = A2784F1E2B91852100A1B06F /* RelationListView.swift */; };
		A2784F212B9186A500A1B06F /* NotificationView.swift in Sources */ = {isa = PBXBuildFile; fileRef = A2784F202B9186A500A1B06F /* NotificationView.swift */; };
		A2784F232B9186FF00A1B06F /* PanViewBox.swift in Sources */ = {isa = PBXBuildFile; fileRef = A2784F222B9186FF00A1B06F /* PanViewBox.swift */; };
		A27EFF9D2B92035700B47BD6 /* PostDetailView.swift in Sources */ = {isa = PBXBuildFile; fileRef = A27EFF9C2B92035700B47BD6 /* PostDetailView.swift */; };
		A27EFFA82B92140B00B47BD6 /* MoyaResult+Extension.swift in Sources */ = {isa = PBXBuildFile; fileRef = A27EFFA02B92140B00B47BD6 /* MoyaResult+Extension.swift */; };
		A27EFFA92B92140B00B47BD6 /* MoyaProviderType+Extension.swift in Sources */ = {isa = PBXBuildFile; fileRef = A27EFFA12B92140B00B47BD6 /* MoyaProviderType+Extension.swift */; };
		A27EFFAA2B92140B00B47BD6 /* Response+Extension.swift in Sources */ = {isa = PBXBuildFile; fileRef = A27EFFA22B92140B00B47BD6 /* Response+Extension.swift */; };
		A27EFFAB2B92140B00B47BD6 /* NetworkLoggerPlugin.swift in Sources */ = {isa = PBXBuildFile; fileRef = A27EFFA42B92140B00B47BD6 /* NetworkLoggerPlugin.swift */; };
		A27EFFAC2B92140B00B47BD6 /* NetworkPopPlugin.swift in Sources */ = {isa = PBXBuildFile; fileRef = A27EFFA52B92140B00B47BD6 /* NetworkPopPlugin.swift */; };
		A27EFFAD2B92140B00B47BD6 /* XMTargetType.swift in Sources */ = {isa = PBXBuildFile; fileRef = A27EFFA62B92140B00B47BD6 /* XMTargetType.swift */; };
		A27EFFAE2B92140B00B47BD6 /* Networking.swift in Sources */ = {isa = PBXBuildFile; fileRef = A27EFFA72B92140B00B47BD6 /* Networking.swift */; };
		A27EFFB22B92B67700B47BD6 /* RankListView.swift in Sources */ = {isa = PBXBuildFile; fileRef = A27EFFB12B92B67700B47BD6 /* RankListView.swift */; };
		A27EFFB42B92B6DB00B47BD6 /* FeedViewModel.swift in Sources */ = {isa = PBXBuildFile; fileRef = A27EFFB32B92B6DB00B47BD6 /* FeedViewModel.swift */; };
		A27EFFB62B92B6E700B47BD6 /* Post.swift in Sources */ = {isa = PBXBuildFile; fileRef = A27EFFB52B92B6E700B47BD6 /* Post.swift */; };
		A27EFFB82B92B75A00B47BD6 /* PostListView.swift in Sources */ = {isa = PBXBuildFile; fileRef = A27EFFB72B92B75A00B47BD6 /* PostListView.swift */; };
		A27EFFBA2B92B7B000B47BD6 /* PostView.swift in Sources */ = {isa = PBXBuildFile; fileRef = A27EFFB92B92B7B000B47BD6 /* PostView.swift */; };
		A281EFE22B99996400E9DE05 /* WechatSettingView.swift in Sources */ = {isa = PBXBuildFile; fileRef = A281EFE12B99996400E9DE05 /* WechatSettingView.swift */; };
		A281EFE42B99A09300E9DE05 /* HobbySelectedView.swift in Sources */ = {isa = PBXBuildFile; fileRef = A281EFE32B99A09300E9DE05 /* HobbySelectedView.swift */; };
		A281EFE62B99B23700E9DE05 /* XMPhoto.swift in Sources */ = {isa = PBXBuildFile; fileRef = A281EFE52B99B23700E9DE05 /* XMPhoto.swift */; };
		A281EFE82B9AB6E700E9DE05 /* HotHistoryView.swift in Sources */ = {isa = PBXBuildFile; fileRef = A281EFE72B9AB6E700E9DE05 /* HotHistoryView.swift */; };
		A281EFEA2B9AB99500E9DE05 /* WechatGiftView.swift in Sources */ = {isa = PBXBuildFile; fileRef = A281EFE92B9AB99500E9DE05 /* WechatGiftView.swift */; };
		A28C55A92B95B99E00707EDA /* 省份&城市.json in Resources */ = {isa = PBXBuildFile; fileRef = A28C55A82B95B99E00707EDA /* 省份&城市.json */; };
		A28C55AB2B95BE1300707EDA /* MockTool.swift in Sources */ = {isa = PBXBuildFile; fileRef = A28C55AA2B95BE1300707EDA /* MockTool.swift */; };
		A28C55AD2B95BFF600707EDA /* User.swift in Sources */ = {isa = PBXBuildFile; fileRef = A28C55AC2B95BFF600707EDA /* User.swift */; };
		A28C55DE2B95E8A400707EDA /* XMStateView.swift in Sources */ = {isa = PBXBuildFile; fileRef = A28C55DD2B95E8A400707EDA /* XMStateView.swift */; };
		A28C55E02B96B69E00707EDA /* XMTag.swift in Sources */ = {isa = PBXBuildFile; fileRef = A28C55DF2B96B69E00707EDA /* XMTag.swift */; };
		A28C55E22B96D85500707EDA /* Date+.swift in Sources */ = {isa = PBXBuildFile; fileRef = A28C55E12B96D85500707EDA /* Date+.swift */; };
		A28F543E2B8738B300AF9CD3 /* LoginViewModel.swift in Sources */ = {isa = PBXBuildFile; fileRef = A28F543D2B8738B300AF9CD3 /* LoginViewModel.swift */; };
		A28F54412B8739EF00AF9CD3 /* AppWarningView.swift in Sources */ = {isa = PBXBuildFile; fileRef = A28F54402B8739EF00AF9CD3 /* AppWarningView.swift */; };
		A28F54432B8739F900AF9CD3 /* LoginView.swift in Sources */ = {isa = PBXBuildFile; fileRef = A28F54422B8739F900AF9CD3 /* LoginView.swift */; };
		A28F54492B873CD600AF9CD3 /* LoginView_VCode.swift in Sources */ = {isa = PBXBuildFile; fileRef = A28F54482B873CD600AF9CD3 /* LoginView_VCode.swift */; };
		A28FEF1C2B8DD74D002E8FB2 /* Color.swift in Sources */ = {isa = PBXBuildFile; fileRef = A28FEF1B2B8DD74D002E8FB2 /* Color.swift */; };
		A28FEF1F2B8EC7EC002E8FB2 /* UserInfoRequestMainView.swift in Sources */ = {isa = PBXBuildFile; fileRef = A28FEF1E2B8EC7EC002E8FB2 /* UserInfoRequestMainView.swift */; };
		A2B45C992B8A161400D71EF8 /* ConversationListContainer.swift in Sources */ = {isa = PBXBuildFile; fileRef = A2B45C982B8A161400D71EF8 /* ConversationListContainer.swift */; };
		A2B45C9B2B8A183200D71EF8 /* ChatViewContainer.swift in Sources */ = {isa = PBXBuildFile; fileRef = A2B45C9A2B8A183200D71EF8 /* ChatViewContainer.swift */; };
		A2B45CA02B8AFCB300D71EF8 /* Components.swift in Sources */ = {isa = PBXBuildFile; fileRef = A2B45C9F2B8AFCB300D71EF8 /* Components.swift */; };
		A2B45CA32B8B008B00D71EF8 /* PublicFuncs.swift in Sources */ = {isa = PBXBuildFile; fileRef = A2B45CA22B8B008B00D71EF8 /* PublicFuncs.swift */; };
		A2B45CA72B8B089900D71EF8 /* String+.swift in Sources */ = {isa = PBXBuildFile; fileRef = A2B45CA62B8B089900D71EF8 /* String+.swift */; };
		A2B45CA92B8B0C6B00D71EF8 /* RankViewModel.swift in Sources */ = {isa = PBXBuildFile; fileRef = A2B45CA82B8B0C6B00D71EF8 /* RankViewModel.swift */; };
		A2B45CAC2B8B1E3C00D71EF8 /* ViewFuncs.swift in Sources */ = {isa = PBXBuildFile; fileRef = A2B45CAB2B8B1E3C00D71EF8 /* ViewFuncs.swift */; };
		A2B45CAE2B8B222400D71EF8 /* ProfileViewModel.swift in Sources */ = {isa = PBXBuildFile; fileRef = A2B45CAD2B8B222400D71EF8 /* ProfileViewModel.swift */; };
		A2B45CB12B8B27C900D71EF8 /* SettingView.swift in Sources */ = {isa = PBXBuildFile; fileRef = A2B45CB02B8B27C900D71EF8 /* SettingView.swift */; };
		A2B45CB32B8B28A800D71EF8 /* SettingViewModel.swift in Sources */ = {isa = PBXBuildFile; fileRef = A2B45CB22B8B28A800D71EF8 /* SettingViewModel.swift */; };
		A2B45CB72B8B4EA000D71EF8 /* Color+.swift in Sources */ = {isa = PBXBuildFile; fileRef = A2B45CB62B8B4EA000D71EF8 /* Color+.swift */; };
		A2BA894B2B9AC69A002FEEFA /* CompetitionView.swift in Sources */ = {isa = PBXBuildFile; fileRef = A2BA894A2B9AC69A002FEEFA /* CompetitionView.swift */; };
		A2BA894D2B9ACBCE002FEEFA /* XMTopBlurView.swift in Sources */ = {isa = PBXBuildFile; fileRef = A2BA894C2B9ACBCE002FEEFA /* XMTopBlurView.swift */; };
		A2BA89502B9ADFA7002FEEFA /* Font.swift in Sources */ = {isa = PBXBuildFile; fileRef = A2BA894F2B9ADFA7002FEEFA /* Font.swift */; };
		A2BA89542B9B03E6002FEEFA /* XMCompetition.swift in Sources */ = {isa = PBXBuildFile; fileRef = A2BA89532B9B03E6002FEEFA /* XMCompetition.swift */; };
		A2BA89582B9B12C0002FEEFA /* SnapCarousel.swift in Sources */ = {isa = PBXBuildFile; fileRef = A2BA89572B9B12C0002FEEFA /* SnapCarousel.swift */; };
		A2BA895A2B9B3823002FEEFA /* RankAPI.swift in Sources */ = {isa = PBXBuildFile; fileRef = A2BA89592B9B3823002FEEFA /* RankAPI.swift */; };
		A2BA895C2B9B3994002FEEFA /* Array+.swift in Sources */ = {isa = PBXBuildFile; fileRef = A2BA895B2B9B3994002FEEFA /* Array+.swift */; };
		A2BA895E2B9B3C2D002FEEFA /* XMListDataViewModel.swift in Sources */ = {isa = PBXBuildFile; fileRef = A2BA895D2B9B3C2D002FEEFA /* XMListDataViewModel.swift */; };
		A2BA89602B9BDF8F002FEEFA /* XMEmptyView.swift in Sources */ = {isa = PBXBuildFile; fileRef = A2BA895F2B9BDF8F002FEEFA /* XMEmptyView.swift */; };
		A2BA89622B9BEFF0002FEEFA /* XMUserLine.swift in Sources */ = {isa = PBXBuildFile; fileRef = A2BA89612B9BEFF0002FEEFA /* XMUserLine.swift */; };
		A2BA89642B9BF005002FEEFA /* XMConversationLine.swift in Sources */ = {isa = PBXBuildFile; fileRef = A2BA89632B9BF005002FEEFA /* XMConversationLine.swift */; };
		A2BF15EC2B8C423D0011A130 /* XMUIDesginSystemView.swift in Sources */ = {isa = PBXBuildFile; fileRef = A2BF15EB2B8C423D0011A130 /* XMUIDesginSystemView.swift */; };
		A2BF15EE2B8C43F20011A130 /* SwiftUIX in Frameworks */ = {isa = PBXBuildFile; productRef = A2BF15ED2B8C43F20011A130 /* SwiftUIX */; settings = {ATTRIBUTES = (Weak, ); }; };
		A2BF15F02B8C55480011A130 /* UserManager.swift in Sources */ = {isa = PBXBuildFile; fileRef = A2BF15EF2B8C55480011A130 /* UserManager.swift */; };
		A2BF15F32B8C64EE0011A130 /* ChatView.swift in Sources */ = {isa = PBXBuildFile; fileRef = A2BF15F22B8C64EE0011A130 /* ChatView.swift */; };
		A2BF15F52B8C67060011A130 /* PermissionManager.swift in Sources */ = {isa = PBXBuildFile; fileRef = A2BF15F42B8C67060011A130 /* PermissionManager.swift */; };
		A2BF163B2B8C811D0011A130 /* Launch Screen.storyboard in Resources */ = {isa = PBXBuildFile; fileRef = A2BF163A2B8C811D0011A130 /* Launch Screen.storyboard */; };
		A2BF163D2B8C83B90011A130 /* LaunchScreenAnimation.swift in Sources */ = {isa = PBXBuildFile; fileRef = A2BF163C2B8C83B90011A130 /* LaunchScreenAnimation.swift */; };
		A2E7F9A82B8CDF2000E86474 /* HomeFliterView.swift in Sources */ = {isa = PBXBuildFile; fileRef = A2E7F9A72B8CDF2000E86474 /* HomeFliterView.swift */; };
		A2E7F9AA2B8D817B00E86474 /* Podfile in Resources */ = {isa = PBXBuildFile; fileRef = A2E7F9A92B8D817B00E86474 /* Podfile */; };
		A2E7F9B62B8DADBF00E86474 /* TUIChatXMTheme.bundle in Resources */ = {isa = PBXBuildFile; fileRef = A2E7F9B52B8DADBF00E86474 /* TUIChatXMTheme.bundle */; };
		D68557A91A1CBD10A536DDDD /* Pods_SMON.framework in Frameworks */ = {isa = PBXBuildFile; fileRef = 61E00318C8FBEEF76CFD20CC /* Pods_SMON.framework */; };
/* End PBXBuildFile section */

/* Begin PBXFileReference section */
		61E00318C8FBEEF76CFD20CC /* Pods_SMON.framework */ = {isa = PBXFileReference; explicitFileType = wrapper.framework; includeInIndex = 0; path = Pods_SMON.framework; sourceTree = BUILT_PRODUCTS_DIR; };
		A20380E62B95697E00278493 /* UserAPI.swift */ = {isa = PBXFileReference; lastKnownFileType = sourcecode.swift; path = UserAPI.swift; sourceTree = "<group>"; };
		A20380E82B95852500278493 /* CommonAPI.swift */ = {isa = PBXFileReference; lastKnownFileType = sourcecode.swift; path = CommonAPI.swift; sourceTree = "<group>"; };
		A205EBF82B97EE2800165A43 /* 兴趣标签.json */ = {isa = PBXFileReference; fileEncoding = 4; lastKnownFileType = text.json; path = "兴趣标签.json"; sourceTree = "<group>"; };
		A205EBFA2B97FCE100165A43 /* YuanyuanManager.swift */ = {isa = PBXFileReference; lastKnownFileType = sourcecode.swift; path = YuanyuanManager.swift; sourceTree = "<group>"; };
		A20AF7552B92BF400098E561 /* WebImage.swift */ = {isa = PBXFileReference; lastKnownFileType = sourcecode.swift; path = WebImage.swift; sourceTree = "<group>"; };
		A20AF7572B92C42F0098E561 /* XMTyperText.swift */ = {isa = PBXFileReference; lastKnownFileType = sourcecode.swift; path = XMTyperText.swift; sourceTree = "<group>"; };
		A20AF75B2B9300260098E561 /* LocationManager.swift */ = {isa = PBXFileReference; lastKnownFileType = sourcecode.swift; path = LocationManager.swift; sourceTree = "<group>"; };
		A20AF75D2B931DF60098E561 /* ProfileEditView.swift */ = {isa = PBXFileReference; lastKnownFileType = sourcecode.swift; path = ProfileEditView.swift; sourceTree = "<group>"; };
		A2218D102B89BAF700ECE075 /* libAlamofire.a */ = {isa = PBXFileReference; explicitFileType = archive.ar; path = libAlamofire.a; sourceTree = BUILT_PRODUCTS_DIR; };
		A2218D112B89BAF700ECE075 /* libBolts.a */ = {isa = PBXFileReference; explicitFileType = archive.ar; path = libBolts.a; sourceTree = BUILT_PRODUCTS_DIR; };
		A2218D122B89BAF700ECE075 /* libGodzippa.a */ = {isa = PBXFileReference; explicitFileType = archive.ar; path = libGodzippa.a; sourceTree = BUILT_PRODUCTS_DIR; };
		A2218D132B89BAF700ECE075 /* libIGListDiffKit.a */ = {isa = PBXFileReference; explicitFileType = archive.ar; path = libIGListDiffKit.a; sourceTree = BUILT_PRODUCTS_DIR; };
		A2218D142B89BAF700ECE075 /* libim-uikit-tob.a */ = {isa = PBXFileReference; explicitFileType = archive.ar; path = "libim-uikit-tob.a"; sourceTree = BUILT_PRODUCTS_DIR; };
		A2218D152B89BAF700ECE075 /* BIMUIKit.bundle */ = {isa = PBXFileReference; explicitFileType = wrapper.cfbundle; path = BIMUIKit.bundle; sourceTree = BUILT_PRODUCTS_DIR; };
		A2218D162B89BAF700ECE075 /* TIMOEmojiNew.bundle */ = {isa = PBXFileReference; explicitFileType = wrapper.cfbundle; path = TIMOEmojiNew.bundle; sourceTree = BUILT_PRODUCTS_DIR; };
		A2218D172B89BAF700ECE075 /* libimsdk-tob.a */ = {isa = PBXFileReference; explicitFileType = archive.ar; path = "libimsdk-tob.a"; sourceTree = BUILT_PRODUCTS_DIR; };
		A2218D182B89BAF700ECE075 /* libIntrospect.a */ = {isa = PBXFileReference; explicitFileType = archive.ar; path = libIntrospect.a; sourceTree = BUILT_PRODUCTS_DIR; };
		A2218D192B89BAF700ECE075 /* libKakaJSON.a */ = {isa = PBXFileReference; explicitFileType = archive.ar; path = libKakaJSON.a; sourceTree = BUILT_PRODUCTS_DIR; };
		A2218D1A2B89BAF700ECE075 /* libKingfisher.a */ = {isa = PBXFileReference; explicitFileType = archive.ar; path = libKingfisher.a; sourceTree = BUILT_PRODUCTS_DIR; };
		A2218D1B2B89BAF700ECE075 /* Kingfisher.bundle */ = {isa = PBXFileReference; explicitFileType = wrapper.cfbundle; path = Kingfisher.bundle; sourceTree = BUILT_PRODUCTS_DIR; };
		A2218D1C2B89BAF700ECE075 /* libLantern.a */ = {isa = PBXFileReference; explicitFileType = archive.ar; path = libLantern.a; sourceTree = BUILT_PRODUCTS_DIR; };
		A2218D1D2B89BAF700ECE075 /* liblibextobjc.a */ = {isa = PBXFileReference; explicitFileType = archive.ar; path = liblibextobjc.a; sourceTree = BUILT_PRODUCTS_DIR; };
		A2218D1E2B89BAF700ECE075 /* liblottie-ios.a */ = {isa = PBXFileReference; explicitFileType = archive.ar; path = "liblottie-ios.a"; sourceTree = BUILT_PRODUCTS_DIR; };
		A2218D1F2B89BAF700ECE075 /* LottiePrivacyInfo.bundle */ = {isa = PBXFileReference; explicitFileType = wrapper.cfbundle; path = LottiePrivacyInfo.bundle; sourceTree = BUILT_PRODUCTS_DIR; };
		A2218D202B89BAF700ECE075 /* libMantle.a */ = {isa = PBXFileReference; explicitFileType = archive.ar; path = libMantle.a; sourceTree = BUILT_PRODUCTS_DIR; };
		A2218D212B89BAF700ECE075 /* libMasonry.a */ = {isa = PBXFileReference; explicitFileType = archive.ar; path = libMasonry.a; sourceTree = BUILT_PRODUCTS_DIR; };
		A2218D222B89BAF700ECE075 /* libMJRefresh.a */ = {isa = PBXFileReference; explicitFileType = archive.ar; path = libMJRefresh.a; sourceTree = BUILT_PRODUCTS_DIR; };
		A2218D232B89BAF700ECE075 /* libMMKV.a */ = {isa = PBXFileReference; explicitFileType = archive.ar; path = libMMKV.a; sourceTree = BUILT_PRODUCTS_DIR; };
		A2218D242B89BAF700ECE075 /* libMMKVCore.a */ = {isa = PBXFileReference; explicitFileType = archive.ar; path = libMMKVCore.a; sourceTree = BUILT_PRODUCTS_DIR; };
		A2218D252B89BAF700ECE075 /* libMoya.a */ = {isa = PBXFileReference; explicitFileType = archive.ar; path = libMoya.a; sourceTree = BUILT_PRODUCTS_DIR; };
		A2218D262B89BAF700ECE075 /* libOneKit.a */ = {isa = PBXFileReference; explicitFileType = archive.ar; path = libOneKit.a; sourceTree = BUILT_PRODUCTS_DIR; };
		A2218D272B89BAF700ECE075 /* libPanModal.a */ = {isa = PBXFileReference; explicitFileType = archive.ar; path = libPanModal.a; sourceTree = BUILT_PRODUCTS_DIR; };
		A2218D282B89BAF700ECE075 /* libProtobuf.a */ = {isa = PBXFileReference; explicitFileType = archive.ar; path = libProtobuf.a; sourceTree = BUILT_PRODUCTS_DIR; };
		A2218D292B89BAF700ECE075 /* libRangersAPM.a */ = {isa = PBXFileReference; explicitFileType = archive.ar; path = libRangersAPM.a; sourceTree = BUILT_PRODUCTS_DIR; };
		A2218D2A2B89BAF700ECE075 /* RangersAPMPrivacyInfo.bundle */ = {isa = PBXFileReference; explicitFileType = wrapper.cfbundle; path = RangersAPMPrivacyInfo.bundle; sourceTree = BUILT_PRODUCTS_DIR; };
		A2218D2B2B89BAF700ECE075 /* libRangersAppLog.a */ = {isa = PBXFileReference; explicitFileType = archive.ar; path = libRangersAppLog.a; sourceTree = BUILT_PRODUCTS_DIR; };
		A2218D2C2B89BAF700ECE075 /* RangersAppLog.bundle */ = {isa = PBXFileReference; explicitFileType = wrapper.cfbundle; path = RangersAppLog.bundle; sourceTree = BUILT_PRODUCTS_DIR; };
		A2218D2D2B89BAF700ECE075 /* libRSSwizzle.a */ = {isa = PBXFileReference; explicitFileType = archive.ar; path = libRSSwizzle.a; sourceTree = BUILT_PRODUCTS_DIR; };
		A2218D2E2B89BAF700ECE075 /* libSDWebImage.a */ = {isa = PBXFileReference; explicitFileType = archive.ar; path = libSDWebImage.a; sourceTree = BUILT_PRODUCTS_DIR; };
		A2218D2F2B89BAF700ECE075 /* SDWebImage.bundle */ = {isa = PBXFileReference; explicitFileType = wrapper.cfbundle; path = SDWebImage.bundle; sourceTree = BUILT_PRODUCTS_DIR; };
		A2218D302B89BAF700ECE075 /* libSPAlert.a */ = {isa = PBXFileReference; explicitFileType = archive.ar; path = libSPAlert.a; sourceTree = BUILT_PRODUCTS_DIR; };
		A2218D312B89BAF700ECE075 /* libSQLiteRepairKit.a */ = {isa = PBXFileReference; explicitFileType = archive.ar; path = libSQLiteRepairKit.a; sourceTree = BUILT_PRODUCTS_DIR; };
		A2218D322B89BAF700ECE075 /* libSwifterSwift.a */ = {isa = PBXFileReference; explicitFileType = archive.ar; path = libSwifterSwift.a; sourceTree = BUILT_PRODUCTS_DIR; };
		A2218D332B89BAF700ECE075 /* libSwiftyJSON.a */ = {isa = PBXFileReference; explicitFileType = archive.ar; path = libSwiftyJSON.a; sourceTree = BUILT_PRODUCTS_DIR; };
		A2218D342B89BAF700ECE075 /* libTagly.a */ = {isa = PBXFileReference; explicitFileType = archive.ar; path = libTagly.a; sourceTree = BUILT_PRODUCTS_DIR; };
		A2218D352B89BAF700ECE075 /* libTTSDK.a */ = {isa = PBXFileReference; explicitFileType = archive.ar; path = libTTSDK.a; sourceTree = BUILT_PRODUCTS_DIR; };
		A2218D362B89BAF700ECE075 /* libWCDB.a */ = {isa = PBXFileReference; explicitFileType = archive.ar; path = libWCDB.a; sourceTree = BUILT_PRODUCTS_DIR; };
		A2218D372B89BAF700ECE075 /* libWCDBOptimizedSQLCipher.a */ = {isa = PBXFileReference; explicitFileType = archive.ar; path = libWCDBOptimizedSQLCipher.a; sourceTree = BUILT_PRODUCTS_DIR; };
		A2218D382B89BAF700ECE075 /* libYYCache.a */ = {isa = PBXFileReference; explicitFileType = archive.ar; path = libYYCache.a; sourceTree = BUILT_PRODUCTS_DIR; };
		A2218D642B89BB5400ECE075 /* CoreAudioTypes.framework */ = {isa = PBXFileReference; lastKnownFileType = wrapper.framework; name = CoreAudioTypes.framework; path = System/Library/Frameworks/CoreAudioTypes.framework; sourceTree = SDKROOT; };
		A2218D682B89BC3100ECE075 /* CoreMedia.framework */ = {isa = PBXFileReference; lastKnownFileType = wrapper.framework; name = CoreMedia.framework; path = System/Library/Frameworks/CoreMedia.framework; sourceTree = SDKROOT; };
		A2218D6A2B89C3BE00ECE075 /* Photos.framework */ = {isa = PBXFileReference; lastKnownFileType = wrapper.framework; name = Photos.framework; path = System/Library/Frameworks/Photos.framework; sourceTree = SDKROOT; };
		A256DB962B900BF6008C7063 /* WebView.swift */ = {isa = PBXFileReference; fileEncoding = 4; lastKnownFileType = sourcecode.swift; path = WebView.swift; sourceTree = "<group>"; };
		A256DB982B901C88008C7063 /* AppConfig.plist */ = {isa = PBXFileReference; fileEncoding = 4; lastKnownFileType = text.plist.xml; path = AppConfig.plist; sourceTree = "<group>"; };
		A256DB9A2B901C9F008C7063 /* AppConfig.swift */ = {isa = PBXFileReference; fileEncoding = 4; lastKnownFileType = sourcecode.swift; path = AppConfig.swift; sourceTree = "<group>"; };
		A256DBA22B9045DB008C7063 /* TUIConversationXMTheme.bundle */ = {isa = PBXFileReference; lastKnownFileType = "wrapper.plug-in"; name = TUIConversationXMTheme.bundle; path = SMON/DesginSystem/TUIConversationXMTheme.bundle; sourceTree = SOURCE_ROOT; };
		A256DBA42B904622008C7063 /* TUICoreXMTheme.bundle */ = {isa = PBXFileReference; lastKnownFileType = "wrapper.plug-in"; name = TUICoreXMTheme.bundle; path = SMON/TUICoreXMTheme.bundle; sourceTree = SOURCE_ROOT; };
		A256DBA62B906737008C7063 /* HotBuyView.swift */ = {isa = PBXFileReference; lastKnownFileType = sourcecode.swift; path = HotBuyView.swift; sourceTree = "<group>"; };
		A256DBA92B907E7A008C7063 /* PostEditView.swift */ = {isa = PBXFileReference; lastKnownFileType = sourcecode.swift; path = PostEditView.swift; sourceTree = "<group>"; };
		A25AAD1F2B8ECEB200B7CE40 /* UserInfoRequestViewModel.swift */ = {isa = PBXFileReference; lastKnownFileType = sourcecode.swift; path = UserInfoRequestViewModel.swift; sourceTree = "<group>"; };
		A25AAD212B8ED29D00B7CE40 /* NameRequestView.swift */ = {isa = PBXFileReference; lastKnownFileType = sourcecode.swift; path = NameRequestView.swift; sourceTree = "<group>"; };
		A25AAD232B8EDE5000B7CE40 /* AvatarRequestView.swift */ = {isa = PBXFileReference; lastKnownFileType = sourcecode.swift; path = AvatarRequestView.swift; sourceTree = "<group>"; };
		A25AAD252B8EE9BE00B7CE40 /* PhotoSelector.swift */ = {isa = PBXFileReference; fileEncoding = 4; lastKnownFileType = sourcecode.swift; path = PhotoSelector.swift; sourceTree = "<group>"; };
		A25AAD272B8EF06400B7CE40 /* MorePhotoRequestView.swift */ = {isa = PBXFileReference; lastKnownFileType = sourcecode.swift; path = MorePhotoRequestView.swift; sourceTree = "<group>"; };
		A25AAD292B8EF6B600B7CE40 /* BrithdayDayRequestView.swift */ = {isa = PBXFileReference; lastKnownFileType = sourcecode.swift; path = BrithdayDayRequestView.swift; sourceTree = "<group>"; };
		A25AAD2B2B8EF7FD00B7CE40 /* SexRequestView.swift */ = {isa = PBXFileReference; lastKnownFileType = sourcecode.swift; path = SexRequestView.swift; sourceTree = "<group>"; };
		A25AAD2D2B8EFE9900B7CE40 /* AliOSSManager.swift */ = {isa = PBXFileReference; lastKnownFileType = sourcecode.swift; path = AliOSSManager.swift; sourceTree = "<group>"; };
		A25AAD2F2B8F19A900B7CE40 /* RelationHopeRequestView.swift */ = {isa = PBXFileReference; lastKnownFileType = sourcecode.swift; path = RelationHopeRequestView.swift; sourceTree = "<group>"; };
		A25AAD312B8F1D3700B7CE40 /* HobbyRequestView.swift */ = {isa = PBXFileReference; lastKnownFileType = sourcecode.swift; path = HobbyRequestView.swift; sourceTree = "<group>"; };
		A25AAD332B8F1E9500B7CE40 /* HeightRequestView.swift */ = {isa = PBXFileReference; lastKnownFileType = sourcecode.swift; path = HeightRequestView.swift; sourceTree = "<group>"; };
		A25AAD352B8F238600B7CE40 /* DrinkRequestView.swift */ = {isa = PBXFileReference; lastKnownFileType = sourcecode.swift; path = DrinkRequestView.swift; sourceTree = "<group>"; };
		A25AAD372B8F238E00B7CE40 /* SmokeRequestView.swift */ = {isa = PBXFileReference; lastKnownFileType = sourcecode.swift; path = SmokeRequestView.swift; sourceTree = "<group>"; };
		A25AAD392B8F246C00B7CE40 /* BioRequestView.swift */ = {isa = PBXFileReference; lastKnownFileType = sourcecode.swift; path = BioRequestView.swift; sourceTree = "<group>"; };
		A25AAD3B2B8F26B700B7CE40 /* RequestCompleteView.swift */ = {isa = PBXFileReference; lastKnownFileType = sourcecode.swift; path = RequestCompleteView.swift; sourceTree = "<group>"; };
		A25AAD3D2B8F4E7400B7CE40 /* BdsmRequestView.swift */ = {isa = PBXFileReference; lastKnownFileType = sourcecode.swift; path = BdsmRequestView.swift; sourceTree = "<group>"; };
		A25AAD402B90073B00B7CE40 /* WechatRequestView.swift */ = {isa = PBXFileReference; lastKnownFileType = sourcecode.swift; path = WechatRequestView.swift; sourceTree = "<group>"; };
		A26A02FD2B876ED900F6AC9B /* LoginBackgroundVideo.mp4 */ = {isa = PBXFileReference; lastKnownFileType = file; path = LoginBackgroundVideo.mp4; sourceTree = "<group>"; };
		A26A03002B88C77000F6AC9B /* MainViewModel.swift */ = {isa = PBXFileReference; lastKnownFileType = sourcecode.swift; path = MainViewModel.swift; sourceTree = "<group>"; };
		A26A03032B88C88800F6AC9B /* MainTabbar.swift */ = {isa = PBXFileReference; lastKnownFileType = sourcecode.swift; path = MainTabbar.swift; sourceTree = "<group>"; };
		A26A03062B88C92000F6AC9B /* Public.swift */ = {isa = PBXFileReference; lastKnownFileType = sourcecode.swift; path = Public.swift; sourceTree = "<group>"; };
		A26A03082B89AEAE00F6AC9B /* SMON-Bridging-Header.h */ = {isa = PBXFileReference; lastKnownFileType = sourcecode.c.h; path = "SMON-Bridging-Header.h"; sourceTree = "<group>"; };
		A26A03092B89AEAE00F6AC9B /* Bridge.m */ = {isa = PBXFileReference; lastKnownFileType = sourcecode.c.objc; path = Bridge.m; sourceTree = "<group>"; };
		A26A030B2B89AF2A00F6AC9B /* AppDelegate.swift */ = {isa = PBXFileReference; lastKnownFileType = sourcecode.swift; path = AppDelegate.swift; sourceTree = "<group>"; };
		A26B53BD2B9BF51E00BD748F /* BannerRow.swift */ = {isa = PBXFileReference; lastKnownFileType = sourcecode.swift; path = BannerRow.swift; sourceTree = "<group>"; };
		A272A4672B8706FB008EA955 /* SMON.app */ = {isa = PBXFileReference; explicitFileType = wrapper.application; includeInIndex = 0; path = SMON.app; sourceTree = BUILT_PRODUCTS_DIR; };
		A272A46A2B8706FB008EA955 /* SMONApp.swift */ = {isa = PBXFileReference; lastKnownFileType = sourcecode.swift; path = SMONApp.swift; sourceTree = "<group>"; };
		A272A46E2B8706FC008EA955 /* Assets.xcassets */ = {isa = PBXFileReference; lastKnownFileType = folder.assetcatalog; path = Assets.xcassets; sourceTree = "<group>"; };
		A272A4712B8706FC008EA955 /* Preview Assets.xcassets */ = {isa = PBXFileReference; lastKnownFileType = folder.assetcatalog; path = "Preview Assets.xcassets"; sourceTree = "<group>"; };
		A272A4732B8706FC008EA955 /* Persistence.swift */ = {isa = PBXFileReference; lastKnownFileType = sourcecode.swift; path = Persistence.swift; sourceTree = "<group>"; };
		A272A4762B8706FC008EA955 /* SMON.xcdatamodel */ = {isa = PBXFileReference; lastKnownFileType = wrapper.xcdatamodel; path = SMON.xcdatamodel; sourceTree = "<group>"; };
		A272A4842B871C77008EA955 /* MainView.swift */ = {isa = PBXFileReference; lastKnownFileType = sourcecode.swift; path = MainView.swift; sourceTree = "<group>"; };
		A272A48C2B871CF9008EA955 /* ProfileView.swift */ = {isa = PBXFileReference; lastKnownFileType = sourcecode.swift; path = ProfileView.swift; sourceTree = "<group>"; };
		A272A48E2B871CFD008EA955 /* RankView.swift */ = {isa = PBXFileReference; lastKnownFileType = sourcecode.swift; path = RankView.swift; sourceTree = "<group>"; };
		A272A4902B871D03008EA955 /* ConversationListView.swift */ = {isa = PBXFileReference; lastKnownFileType = sourcecode.swift; path = ConversationListView.swift; sourceTree = "<group>"; };
		A272A4922B871D1A008EA955 /* PostFeedView.swift */ = {isa = PBXFileReference; lastKnownFileType = sourcecode.swift; path = PostFeedView.swift; sourceTree = "<group>"; };
		A272A4942B871D80008EA955 /* AppFeaturesView.swift */ = {isa = PBXFileReference; lastKnownFileType = sourcecode.swift; path = AppFeaturesView.swift; sourceTree = "<group>"; };
		A272A4962B871D8D008EA955 /* LoginMainView.swift */ = {isa = PBXFileReference; lastKnownFileType = sourcecode.swift; path = LoginMainView.swift; sourceTree = "<group>"; };
		A2784F142B90CA4900A1B06F /* UIViewController+.swift */ = {isa = PBXFileReference; lastKnownFileType = sourcecode.swift; path = "UIViewController+.swift"; sourceTree = "<group>"; };
		A2784F162B9166CB00A1B06F /* ProfileHomeView.swift */ = {isa = PBXFileReference; lastKnownFileType = sourcecode.swift; path = ProfileHomeView.swift; sourceTree = "<group>"; };
		A2784F1A2B91851200A1B06F /* CoinshopView.swift */ = {isa = PBXFileReference; lastKnownFileType = sourcecode.swift; path = CoinshopView.swift; sourceTree = "<group>"; };
		A2784F1C2B91851800A1B06F /* MyHotInfoView.swift */ = {isa = PBXFileReference; lastKnownFileType = sourcecode.swift; path = MyHotInfoView.swift; sourceTree = "<group>"; };
		A2784F1E2B91852100A1B06F /* RelationListView.swift */ = {isa = PBXFileReference; lastKnownFileType = sourcecode.swift; path = RelationListView.swift; sourceTree = "<group>"; };
		A2784F202B9186A500A1B06F /* NotificationView.swift */ = {isa = PBXFileReference; lastKnownFileType = sourcecode.swift; path = NotificationView.swift; sourceTree = "<group>"; };
		A2784F222B9186FF00A1B06F /* PanViewBox.swift */ = {isa = PBXFileReference; fileEncoding = 4; lastKnownFileType = sourcecode.swift; path = PanViewBox.swift; sourceTree = "<group>"; };
		A27EFF9C2B92035700B47BD6 /* PostDetailView.swift */ = {isa = PBXFileReference; lastKnownFileType = sourcecode.swift; path = PostDetailView.swift; sourceTree = "<group>"; };
		A27EFFA02B92140B00B47BD6 /* MoyaResult+Extension.swift */ = {isa = PBXFileReference; fileEncoding = 4; lastKnownFileType = sourcecode.swift; path = "MoyaResult+Extension.swift"; sourceTree = "<group>"; };
		A27EFFA12B92140B00B47BD6 /* MoyaProviderType+Extension.swift */ = {isa = PBXFileReference; fileEncoding = 4; lastKnownFileType = sourcecode.swift; path = "MoyaProviderType+Extension.swift"; sourceTree = "<group>"; };
		A27EFFA22B92140B00B47BD6 /* Response+Extension.swift */ = {isa = PBXFileReference; fileEncoding = 4; lastKnownFileType = sourcecode.swift; path = "Response+Extension.swift"; sourceTree = "<group>"; };
		A27EFFA42B92140B00B47BD6 /* NetworkLoggerPlugin.swift */ = {isa = PBXFileReference; fileEncoding = 4; lastKnownFileType = sourcecode.swift; path = NetworkLoggerPlugin.swift; sourceTree = "<group>"; };
		A27EFFA52B92140B00B47BD6 /* NetworkPopPlugin.swift */ = {isa = PBXFileReference; fileEncoding = 4; lastKnownFileType = sourcecode.swift; path = NetworkPopPlugin.swift; sourceTree = "<group>"; };
		A27EFFA62B92140B00B47BD6 /* XMTargetType.swift */ = {isa = PBXFileReference; fileEncoding = 4; lastKnownFileType = sourcecode.swift; path = XMTargetType.swift; sourceTree = "<group>"; };
		A27EFFA72B92140B00B47BD6 /* Networking.swift */ = {isa = PBXFileReference; fileEncoding = 4; lastKnownFileType = sourcecode.swift; path = Networking.swift; sourceTree = "<group>"; };
		A27EFFB12B92B67700B47BD6 /* RankListView.swift */ = {isa = PBXFileReference; lastKnownFileType = sourcecode.swift; path = RankListView.swift; sourceTree = "<group>"; };
		A27EFFB32B92B6DB00B47BD6 /* FeedViewModel.swift */ = {isa = PBXFileReference; lastKnownFileType = sourcecode.swift; path = FeedViewModel.swift; sourceTree = "<group>"; };
		A27EFFB52B92B6E700B47BD6 /* Post.swift */ = {isa = PBXFileReference; lastKnownFileType = sourcecode.swift; path = Post.swift; sourceTree = "<group>"; };
		A27EFFB72B92B75A00B47BD6 /* PostListView.swift */ = {isa = PBXFileReference; lastKnownFileType = sourcecode.swift; path = PostListView.swift; sourceTree = "<group>"; };
		A27EFFB92B92B7B000B47BD6 /* PostView.swift */ = {isa = PBXFileReference; lastKnownFileType = sourcecode.swift; path = PostView.swift; sourceTree = "<group>"; };
		A281EFE12B99996400E9DE05 /* WechatSettingView.swift */ = {isa = PBXFileReference; lastKnownFileType = sourcecode.swift; path = WechatSettingView.swift; sourceTree = "<group>"; };
		A281EFE32B99A09300E9DE05 /* HobbySelectedView.swift */ = {isa = PBXFileReference; lastKnownFileType = sourcecode.swift; path = HobbySelectedView.swift; sourceTree = "<group>"; };
		A281EFE52B99B23700E9DE05 /* XMPhoto.swift */ = {isa = PBXFileReference; lastKnownFileType = sourcecode.swift; path = XMPhoto.swift; sourceTree = "<group>"; };
		A281EFE72B9AB6E700E9DE05 /* HotHistoryView.swift */ = {isa = PBXFileReference; lastKnownFileType = sourcecode.swift; path = HotHistoryView.swift; sourceTree = "<group>"; };
		A281EFE92B9AB99500E9DE05 /* WechatGiftView.swift */ = {isa = PBXFileReference; lastKnownFileType = sourcecode.swift; path = WechatGiftView.swift; sourceTree = "<group>"; };
		A28C55A82B95B99E00707EDA /* 省份&城市.json */ = {isa = PBXFileReference; fileEncoding = 4; lastKnownFileType = text.json; path = "省份&城市.json"; sourceTree = "<group>"; };
		A28C55AA2B95BE1300707EDA /* MockTool.swift */ = {isa = PBXFileReference; lastKnownFileType = sourcecode.swift; path = MockTool.swift; sourceTree = "<group>"; };
		A28C55AC2B95BFF600707EDA /* User.swift */ = {isa = PBXFileReference; lastKnownFileType = sourcecode.swift; path = User.swift; sourceTree = "<group>"; };
		A28C55DD2B95E8A400707EDA /* XMStateView.swift */ = {isa = PBXFileReference; lastKnownFileType = sourcecode.swift; path = XMStateView.swift; sourceTree = "<group>"; };
		A28C55DF2B96B69E00707EDA /* XMTag.swift */ = {isa = PBXFileReference; lastKnownFileType = sourcecode.swift; path = XMTag.swift; sourceTree = "<group>"; };
		A28C55E12B96D85500707EDA /* Date+.swift */ = {isa = PBXFileReference; lastKnownFileType = sourcecode.swift; path = "Date+.swift"; sourceTree = "<group>"; };
		A28F543D2B8738B300AF9CD3 /* LoginViewModel.swift */ = {isa = PBXFileReference; lastKnownFileType = sourcecode.swift; path = LoginViewModel.swift; sourceTree = "<group>"; };
		A28F54402B8739EF00AF9CD3 /* AppWarningView.swift */ = {isa = PBXFileReference; lastKnownFileType = sourcecode.swift; path = AppWarningView.swift; sourceTree = "<group>"; };
		A28F54422B8739F900AF9CD3 /* LoginView.swift */ = {isa = PBXFileReference; lastKnownFileType = sourcecode.swift; path = LoginView.swift; sourceTree = "<group>"; };
		A28F54482B873CD600AF9CD3 /* LoginView_VCode.swift */ = {isa = PBXFileReference; lastKnownFileType = sourcecode.swift; path = LoginView_VCode.swift; sourceTree = "<group>"; };
		A28FEF1B2B8DD74D002E8FB2 /* Color.swift */ = {isa = PBXFileReference; lastKnownFileType = sourcecode.swift; path = Color.swift; sourceTree = "<group>"; };
		A28FEF1E2B8EC7EC002E8FB2 /* UserInfoRequestMainView.swift */ = {isa = PBXFileReference; lastKnownFileType = sourcecode.swift; path = UserInfoRequestMainView.swift; sourceTree = "<group>"; };
		A2B45C982B8A161400D71EF8 /* ConversationListContainer.swift */ = {isa = PBXFileReference; lastKnownFileType = sourcecode.swift; path = ConversationListContainer.swift; sourceTree = "<group>"; };
		A2B45C9A2B8A183200D71EF8 /* ChatViewContainer.swift */ = {isa = PBXFileReference; lastKnownFileType = sourcecode.swift; path = ChatViewContainer.swift; sourceTree = "<group>"; };
		A2B45C9F2B8AFCB300D71EF8 /* Components.swift */ = {isa = PBXFileReference; lastKnownFileType = sourcecode.swift; path = Components.swift; sourceTree = "<group>"; };
		A2B45CA22B8B008B00D71EF8 /* PublicFuncs.swift */ = {isa = PBXFileReference; lastKnownFileType = sourcecode.swift; path = PublicFuncs.swift; sourceTree = "<group>"; };
		A2B45CA62B8B089900D71EF8 /* String+.swift */ = {isa = PBXFileReference; lastKnownFileType = sourcecode.swift; path = "String+.swift"; sourceTree = "<group>"; };
		A2B45CA82B8B0C6B00D71EF8 /* RankViewModel.swift */ = {isa = PBXFileReference; lastKnownFileType = sourcecode.swift; path = RankViewModel.swift; sourceTree = "<group>"; };
		A2B45CAB2B8B1E3C00D71EF8 /* ViewFuncs.swift */ = {isa = PBXFileReference; lastKnownFileType = sourcecode.swift; path = ViewFuncs.swift; sourceTree = "<group>"; };
		A2B45CAD2B8B222400D71EF8 /* ProfileViewModel.swift */ = {isa = PBXFileReference; lastKnownFileType = sourcecode.swift; path = ProfileViewModel.swift; sourceTree = "<group>"; };
		A2B45CB02B8B27C900D71EF8 /* SettingView.swift */ = {isa = PBXFileReference; lastKnownFileType = sourcecode.swift; path = SettingView.swift; sourceTree = "<group>"; };
		A2B45CB22B8B28A800D71EF8 /* SettingViewModel.swift */ = {isa = PBXFileReference; lastKnownFileType = sourcecode.swift; path = SettingViewModel.swift; sourceTree = "<group>"; };
		A2B45CB62B8B4EA000D71EF8 /* Color+.swift */ = {isa = PBXFileReference; lastKnownFileType = sourcecode.swift; path = "Color+.swift"; sourceTree = "<group>"; };
		A2BA894A2B9AC69A002FEEFA /* CompetitionView.swift */ = {isa = PBXFileReference; lastKnownFileType = sourcecode.swift; path = CompetitionView.swift; sourceTree = "<group>"; };
		A2BA894C2B9ACBCE002FEEFA /* XMTopBlurView.swift */ = {isa = PBXFileReference; lastKnownFileType = sourcecode.swift; path = XMTopBlurView.swift; sourceTree = "<group>"; };
		A2BA894F2B9ADFA7002FEEFA /* Font.swift */ = {isa = PBXFileReference; lastKnownFileType = sourcecode.swift; path = Font.swift; sourceTree = "<group>"; };
		A2BA89532B9B03E6002FEEFA /* XMCompetition.swift */ = {isa = PBXFileReference; lastKnownFileType = sourcecode.swift; path = XMCompetition.swift; sourceTree = "<group>"; };
		A2BA89572B9B12C0002FEEFA /* SnapCarousel.swift */ = {isa = PBXFileReference; fileEncoding = 4; lastKnownFileType = sourcecode.swift; path = SnapCarousel.swift; sourceTree = "<group>"; };
		A2BA89592B9B3823002FEEFA /* RankAPI.swift */ = {isa = PBXFileReference; lastKnownFileType = sourcecode.swift; path = RankAPI.swift; sourceTree = "<group>"; };
		A2BA895B2B9B3994002FEEFA /* Array+.swift */ = {isa = PBXFileReference; lastKnownFileType = sourcecode.swift; path = "Array+.swift"; sourceTree = "<group>"; };
		A2BA895D2B9B3C2D002FEEFA /* XMListDataViewModel.swift */ = {isa = PBXFileReference; lastKnownFileType = sourcecode.swift; path = XMListDataViewModel.swift; sourceTree = "<group>"; };
		A2BA895F2B9BDF8F002FEEFA /* XMEmptyView.swift */ = {isa = PBXFileReference; lastKnownFileType = sourcecode.swift; path = XMEmptyView.swift; sourceTree = "<group>"; };
		A2BA89612B9BEFF0002FEEFA /* XMUserLine.swift */ = {isa = PBXFileReference; lastKnownFileType = sourcecode.swift; path = XMUserLine.swift; sourceTree = "<group>"; };
		A2BA89632B9BF005002FEEFA /* XMConversationLine.swift */ = {isa = PBXFileReference; lastKnownFileType = sourcecode.swift; path = XMConversationLine.swift; sourceTree = "<group>"; };
		A2BF15EB2B8C423D0011A130 /* XMUIDesginSystemView.swift */ = {isa = PBXFileReference; lastKnownFileType = sourcecode.swift; path = XMUIDesginSystemView.swift; sourceTree = "<group>"; };
		A2BF15EF2B8C55480011A130 /* UserManager.swift */ = {isa = PBXFileReference; lastKnownFileType = sourcecode.swift; path = UserManager.swift; sourceTree = "<group>"; };
		A2BF15F22B8C64EE0011A130 /* ChatView.swift */ = {isa = PBXFileReference; lastKnownFileType = sourcecode.swift; path = ChatView.swift; sourceTree = "<group>"; };
		A2BF15F42B8C67060011A130 /* PermissionManager.swift */ = {isa = PBXFileReference; lastKnownFileType = sourcecode.swift; path = PermissionManager.swift; sourceTree = "<group>"; };
		A2BF15F62B8C686A0011A130 /* Info.plist */ = {isa = PBXFileReference; lastKnownFileType = text.plist; path = Info.plist; sourceTree = "<group>"; };
		A2BF163A2B8C811D0011A130 /* Launch Screen.storyboard */ = {isa = PBXFileReference; fileEncoding = 4; lastKnownFileType = file.storyboard; path = "Launch Screen.storyboard"; sourceTree = "<group>"; };
		A2BF163C2B8C83B90011A130 /* LaunchScreenAnimation.swift */ = {isa = PBXFileReference; lastKnownFileType = sourcecode.swift; path = LaunchScreenAnimation.swift; sourceTree = "<group>"; };
		A2E7F9A72B8CDF2000E86474 /* HomeFliterView.swift */ = {isa = PBXFileReference; lastKnownFileType = sourcecode.swift; path = HomeFliterView.swift; sourceTree = "<group>"; };
		A2E7F9A92B8D817B00E86474 /* Podfile */ = {isa = PBXFileReference; fileEncoding = 4; lastKnownFileType = text; path = Podfile; sourceTree = SOURCE_ROOT; xcLanguageSpecificationIdentifier = xcode.lang.ruby; };
		A2E7F9B52B8DADBF00E86474 /* TUIChatXMTheme.bundle */ = {isa = PBXFileReference; lastKnownFileType = "wrapper.plug-in"; name = TUIChatXMTheme.bundle; path = SMON/TUIChatXMTheme.bundle; sourceTree = SOURCE_ROOT; };
		B89ABD50A53BACC20844D7AB /* Pods-SMON.release.xcconfig */ = {isa = PBXFileReference; includeInIndex = 1; lastKnownFileType = text.xcconfig; name = "Pods-SMON.release.xcconfig"; path = "Target Support Files/Pods-SMON/Pods-SMON.release.xcconfig"; sourceTree = "<group>"; };
		ED9F8B9165A3149581433400 /* Pods-SMON.debug.xcconfig */ = {isa = PBXFileReference; includeInIndex = 1; lastKnownFileType = text.xcconfig; name = "Pods-SMON.debug.xcconfig"; path = "Target Support Files/Pods-SMON/Pods-SMON.debug.xcconfig"; sourceTree = "<group>"; };
/* End PBXFileReference section */

/* Begin PBXFrameworksBuildPhase section */
		A272A4642B8706FB008EA955 /* Frameworks */ = {
			isa = PBXFrameworksBuildPhase;
			buildActionMask = 2147483647;
			files = (
				A2218D6B2B89C3BE00ECE075 /* Photos.framework in Frameworks */,
				A272A4822B870C73008EA955 /* SwiftUIX in Frameworks */,
				A272A47F2B870C65008EA955 /* Pow in Frameworks */,
				A2BF15EE2B8C43F20011A130 /* SwiftUIX in Frameworks */,
				D68557A91A1CBD10A536DDDD /* Pods_SMON.framework in Frameworks */,
			);
			runOnlyForDeploymentPostprocessing = 0;
		};
/* End PBXFrameworksBuildPhase section */

/* Begin PBXGroup section */
		A256DBA82B907E6A008C7063 /* Post */ = {
			isa = PBXGroup;
			children = (
				A256DBA92B907E7A008C7063 /* PostEditView.swift */,
			);
			path = Post;
			sourceTree = "<group>";
		};
		A25AAD3F2B8F774000B7CE40 /* Managers */ = {
			isa = PBXGroup;
			children = (
				A2BF15EF2B8C55480011A130 /* UserManager.swift */,
				A2BF15F42B8C67060011A130 /* PermissionManager.swift */,
				A25AAD2D2B8EFE9900B7CE40 /* AliOSSManager.swift */,
				A20AF75B2B9300260098E561 /* LocationManager.swift */,
				A205EBFA2B97FCE100165A43 /* YuanyuanManager.swift */,
			);
			path = Managers;
			sourceTree = "<group>";
		};
		A26A02FF2B88C75F00F6AC9B /* VM */ = {
			isa = PBXGroup;
			children = (
				A26A03002B88C77000F6AC9B /* MainViewModel.swift */,
				A2B45CA82B8B0C6B00D71EF8 /* RankViewModel.swift */,
				A2B45CAD2B8B222400D71EF8 /* ProfileViewModel.swift */,
				A2B45CB22B8B28A800D71EF8 /* SettingViewModel.swift */,
				A28F543D2B8738B300AF9CD3 /* LoginViewModel.swift */,
				A25AAD1F2B8ECEB200B7CE40 /* UserInfoRequestViewModel.swift */,
				A27EFFB32B92B6DB00B47BD6 /* FeedViewModel.swift */,
				A2BA895D2B9B3C2D002FEEFA /* XMListDataViewModel.swift */,
			);
			path = VM;
			sourceTree = "<group>";
		};
		A26A03052B88C91800F6AC9B /* Model */ = {
			isa = PBXGroup;
			children = (
				A26A03062B88C92000F6AC9B /* Public.swift */,
				A27EFFB52B92B6E700B47BD6 /* Post.swift */,
				A28C55AC2B95BFF600707EDA /* User.swift */,
				A28C55DF2B96B69E00707EDA /* XMTag.swift */,
				A281EFE52B99B23700E9DE05 /* XMPhoto.swift */,
				A2BA89532B9B03E6002FEEFA /* XMCompetition.swift */,
			);
			path = Model;
			sourceTree = "<group>";
		};
		A272A45E2B8706FB008EA955 = {
			isa = PBXGroup;
			children = (
				A272A4692B8706FB008EA955 /* SMON */,
				A272A4682B8706FB008EA955 /* Products */,
				B127F7EE8E3E2ABAAF466928 /* Pods */,
				D3E9067713C5560C79BBF173 /* Frameworks */,
			);
			sourceTree = "<group>";
		};
		A272A4682B8706FB008EA955 /* Products */ = {
			isa = PBXGroup;
			children = (
				A272A4672B8706FB008EA955 /* SMON.app */,
			);
			name = Products;
			sourceTree = "<group>";
		};
		A272A4692B8706FB008EA955 /* SMON */ = {
			isa = PBXGroup;
			children = (
				A272A46A2B8706FB008EA955 /* SMONApp.swift */,
				A26A030B2B89AF2A00F6AC9B /* AppDelegate.swift */,
				A256DB9A2B901C9F008C7063 /* AppConfig.swift */,
				A256DB982B901C88008C7063 /* AppConfig.plist */,
				A2BF15F62B8C686A0011A130 /* Info.plist */,
				A26A03092B89AEAE00F6AC9B /* Bridge.m */,
				A26A03082B89AEAE00F6AC9B /* SMON-Bridging-Header.h */,
				A2E7F9A92B8D817B00E86474 /* Podfile */,
				A2BF163A2B8C811D0011A130 /* Launch Screen.storyboard */,
				A2BF163C2B8C83B90011A130 /* LaunchScreenAnimation.swift */,
				A28C55A82B95B99E00707EDA /* 省份&城市.json */,
				A205EBF82B97EE2800165A43 /* 兴趣标签.json */,
				A26A02FD2B876ED900F6AC9B /* LoginBackgroundVideo.mp4 */,
				A272A46E2B8706FC008EA955 /* Assets.xcassets */,
				A272A4832B871C6F008EA955 /* MVVM */,
				A27EFF9E2B92140B00B47BD6 /* Networking */,
				A2B45CA12B8B008000D71EF8 /* Tools */,
				A2B45C9D2B8AFCA000D71EF8 /* DesginSystem */,
				A272A4982B872062008EA955 /* Data */,
				A272A4702B8706FC008EA955 /* Preview Content */,
			);
			path = SMON;
			sourceTree = "<group>";
		};
		A272A4702B8706FC008EA955 /* Preview Content */ = {
			isa = PBXGroup;
			children = (
				A272A4712B8706FC008EA955 /* Preview Assets.xcassets */,
			);
			path = "Preview Content";
			sourceTree = "<group>";
		};
		A272A4832B871C6F008EA955 /* MVVM */ = {
			isa = PBXGroup;
			children = (
				A25AAD3F2B8F774000B7CE40 /* Managers */,
				A26A02FF2B88C75F00F6AC9B /* VM */,
				A2B45CA42B8B062700D71EF8 /* Views */,
				A26A03052B88C91800F6AC9B /* Model */,
			);
			path = MVVM;
			sourceTree = "<group>";
		};
		A272A4862B871CC7008EA955 /* Login */ = {
			isa = PBXGroup;
			children = (
				A272A4962B871D8D008EA955 /* LoginMainView.swift */,
				A272A4942B871D80008EA955 /* AppFeaturesView.swift */,
				A28F54402B8739EF00AF9CD3 /* AppWarningView.swift */,
				A28F54422B8739F900AF9CD3 /* LoginView.swift */,
				A28F54482B873CD600AF9CD3 /* LoginView_VCode.swift */,
			);
			path = Login;
			sourceTree = "<group>";
		};
		A272A4872B871CCC008EA955 /* TabViews */ = {
			isa = PBXGroup;
			children = (
				A26A03032B88C88800F6AC9B /* MainTabbar.swift */,
				A27EFFB02B921ACC00B47BD6 /* Feed */,
				A2784F192B91850D00A1B06F /* Shop */,
				A2784F182B9184F400A1B06F /* Profile */,
				A2E7F9A62B8CDF1300E86474 /* HomeView */,
				A2BF15F12B8C64E70011A130 /* Message */,
				A2BA894A2B9AC69A002FEEFA /* CompetitionView.swift */,
			);
			path = TabViews;
			sourceTree = "<group>";
		};
		A272A4982B872062008EA955 /* Data */ = {
			isa = PBXGroup;
			children = (
				A272A4732B8706FC008EA955 /* Persistence.swift */,
				A272A4752B8706FC008EA955 /* SMON.xcdatamodeld */,
			);
			path = Data;
			sourceTree = "<group>";
		};
		A2784F182B9184F400A1B06F /* Profile */ = {
			isa = PBXGroup;
			children = (
				A272A48C2B871CF9008EA955 /* ProfileView.swift */,
				A281EFE92B9AB99500E9DE05 /* WechatGiftView.swift */,
				A2784F162B9166CB00A1B06F /* ProfileHomeView.swift */,
				A2784F1C2B91851800A1B06F /* MyHotInfoView.swift */,
				A281EFE72B9AB6E700E9DE05 /* HotHistoryView.swift */,
				A2784F1E2B91852100A1B06F /* RelationListView.swift */,
			);
			path = Profile;
			sourceTree = "<group>";
		};
		A2784F192B91850D00A1B06F /* Shop */ = {
			isa = PBXGroup;
			children = (
				A2784F1A2B91851200A1B06F /* CoinshopView.swift */,
			);
			path = Shop;
			sourceTree = "<group>";
		};
		A27EFF9E2B92140B00B47BD6 /* Networking */ = {
			isa = PBXGroup;
			children = (
				A27EFFAF2B92156B00B47BD6 /* API */,
				A27EFFA62B92140B00B47BD6 /* XMTargetType.swift */,
				A27EFFA72B92140B00B47BD6 /* Networking.swift */,
				A27EFF9F2B92140B00B47BD6 /* Extension */,
				A27EFFA32B92140B00B47BD6 /* Plugins */,
			);
			path = Networking;
			sourceTree = "<group>";
		};
		A27EFF9F2B92140B00B47BD6 /* Extension */ = {
			isa = PBXGroup;
			children = (
				A27EFFA02B92140B00B47BD6 /* MoyaResult+Extension.swift */,
				A27EFFA12B92140B00B47BD6 /* MoyaProviderType+Extension.swift */,
				A27EFFA22B92140B00B47BD6 /* Response+Extension.swift */,
			);
			path = Extension;
			sourceTree = "<group>";
		};
		A27EFFA32B92140B00B47BD6 /* Plugins */ = {
			isa = PBXGroup;
			children = (
				A27EFFA42B92140B00B47BD6 /* NetworkLoggerPlugin.swift */,
				A27EFFA52B92140B00B47BD6 /* NetworkPopPlugin.swift */,
			);
			path = Plugins;
			sourceTree = "<group>";
		};
		A27EFFAF2B92156B00B47BD6 /* API */ = {
			isa = PBXGroup;
			children = (
				A20380E62B95697E00278493 /* UserAPI.swift */,
				A20380E82B95852500278493 /* CommonAPI.swift */,
				A2BA89592B9B3823002FEEFA /* RankAPI.swift */,
			);
			path = API;
			sourceTree = "<group>";
		};
		A27EFFB02B921ACC00B47BD6 /* Feed */ = {
			isa = PBXGroup;
			children = (
				A272A4922B871D1A008EA955 /* PostFeedView.swift */,
				A27EFFB92B92B7B000B47BD6 /* PostView.swift */,
				A27EFFB72B92B75A00B47BD6 /* PostListView.swift */,
				A27EFF9C2B92035700B47BD6 /* PostDetailView.swift */,
				A256DBA82B907E6A008C7063 /* Post */,
			);
			path = Feed;
			sourceTree = "<group>";
		};
		A28FEF1A2B8DD740002E8FB2 /* Color */ = {
			isa = PBXGroup;
			children = (
				A28FEF1B2B8DD74D002E8FB2 /* Color.swift */,
			);
			path = Color;
			sourceTree = "<group>";
		};
		A28FEF1D2B8EC7D8002E8FB2 /* UserInfoRequest */ = {
			isa = PBXGroup;
			children = (
				A28FEF1E2B8EC7EC002E8FB2 /* UserInfoRequestMainView.swift */,
				A25AAD212B8ED29D00B7CE40 /* NameRequestView.swift */,
				A25AAD232B8EDE5000B7CE40 /* AvatarRequestView.swift */,
				A25AAD272B8EF06400B7CE40 /* MorePhotoRequestView.swift */,
				A25AAD292B8EF6B600B7CE40 /* BrithdayDayRequestView.swift */,
				A25AAD2B2B8EF7FD00B7CE40 /* SexRequestView.swift */,
				A25AAD2F2B8F19A900B7CE40 /* RelationHopeRequestView.swift */,
				A25AAD312B8F1D3700B7CE40 /* HobbyRequestView.swift */,
				A25AAD332B8F1E9500B7CE40 /* HeightRequestView.swift */,
				A25AAD3D2B8F4E7400B7CE40 /* BdsmRequestView.swift */,
				A25AAD402B90073B00B7CE40 /* WechatRequestView.swift */,
				A25AAD392B8F246C00B7CE40 /* BioRequestView.swift */,
				A25AAD3B2B8F26B700B7CE40 /* RequestCompleteView.swift */,
				A25AAD352B8F238600B7CE40 /* DrinkRequestView.swift */,
				A25AAD372B8F238E00B7CE40 /* SmokeRequestView.swift */,
			);
			path = UserInfoRequest;
			sourceTree = "<group>";
		};
		A2B45C972B8A15FD00D71EF8 /* TIM */ = {
			isa = PBXGroup;
			children = (
				A2B45C982B8A161400D71EF8 /* ConversationListContainer.swift */,
				A2B45C9A2B8A183200D71EF8 /* ChatViewContainer.swift */,
			);
			path = TIM;
			sourceTree = "<group>";
		};
		A2B45C9D2B8AFCA000D71EF8 /* DesginSystem */ = {
			isa = PBXGroup;
			children = (
				A2BA894E2B9ADFA0002FEEFA /* Font */,
				A28FEF1A2B8DD740002E8FB2 /* Color */,
				A2B45C9E2B8AFCA600D71EF8 /* Component */,
				A256DBA42B904622008C7063 /* TUICoreXMTheme.bundle */,
				A256DBA22B9045DB008C7063 /* TUIConversationXMTheme.bundle */,
				A2E7F9B52B8DADBF00E86474 /* TUIChatXMTheme.bundle */,
			);
			path = DesginSystem;
			sourceTree = "<group>";
		};
		A2B45C9E2B8AFCA600D71EF8 /* Component */ = {
			isa = PBXGroup;
			children = (
				A2BA89572B9B12C0002FEEFA /* SnapCarousel.swift */,
				A26B53BD2B9BF51E00BD748F /* BannerRow.swift */,
				A2784F222B9186FF00A1B06F /* PanViewBox.swift */,
				A256DB962B900BF6008C7063 /* WebView.swift */,
				A25AAD252B8EE9BE00B7CE40 /* PhotoSelector.swift */,
				A2BF15EB2B8C423D0011A130 /* XMUIDesginSystemView.swift */,
				A2B45C9F2B8AFCB300D71EF8 /* Components.swift */,
				A20AF7552B92BF400098E561 /* WebImage.swift */,
				A20AF7572B92C42F0098E561 /* XMTyperText.swift */,
				A28C55DD2B95E8A400707EDA /* XMStateView.swift */,
				A2BA894C2B9ACBCE002FEEFA /* XMTopBlurView.swift */,
				A2BA895F2B9BDF8F002FEEFA /* XMEmptyView.swift */,
				A2BA89612B9BEFF0002FEEFA /* XMUserLine.swift */,
				A2BA89632B9BF005002FEEFA /* XMConversationLine.swift */,
			);
			path = Component;
			sourceTree = "<group>";
		};
		A2B45CA12B8B008000D71EF8 /* Tools */ = {
			isa = PBXGroup;
			children = (
				A2B45CA22B8B008B00D71EF8 /* PublicFuncs.swift */,
				A28C55AA2B95BE1300707EDA /* MockTool.swift */,
				A2B45CA52B8B089100D71EF8 /* Extension */,
			);
			path = Tools;
			sourceTree = "<group>";
		};
		A2B45CA42B8B062700D71EF8 /* Views */ = {
			isa = PBXGroup;
			children = (
				A272A4842B871C77008EA955 /* MainView.swift */,
				A281EFE12B99996400E9DE05 /* WechatSettingView.swift */,
				A20AF75D2B931DF60098E561 /* ProfileEditView.swift */,
				A281EFE32B99A09300E9DE05 /* HobbySelectedView.swift */,
				A272A4862B871CC7008EA955 /* Login */,
				A28FEF1D2B8EC7D8002E8FB2 /* UserInfoRequest */,
				A2B45CAF2B8B27BB00D71EF8 /* SettingView */,
				A272A4872B871CCC008EA955 /* TabViews */,
				A2784F202B9186A500A1B06F /* NotificationView.swift */,
			);
			path = Views;
			sourceTree = "<group>";
		};
		A2B45CA52B8B089100D71EF8 /* Extension */ = {
			isa = PBXGroup;
			children = (
				A2B45CAB2B8B1E3C00D71EF8 /* ViewFuncs.swift */,
				A2B45CA62B8B089900D71EF8 /* String+.swift */,
				A2B45CB62B8B4EA000D71EF8 /* Color+.swift */,
				A2784F142B90CA4900A1B06F /* UIViewController+.swift */,
				A28C55E12B96D85500707EDA /* Date+.swift */,
				A2BA895B2B9B3994002FEEFA /* Array+.swift */,
			);
			path = Extension;
			sourceTree = "<group>";
		};
		A2B45CAF2B8B27BB00D71EF8 /* SettingView */ = {
			isa = PBXGroup;
			children = (
				A2B45CB02B8B27C900D71EF8 /* SettingView.swift */,
			);
			path = SettingView;
			sourceTree = "<group>";
		};
		A2BA894E2B9ADFA0002FEEFA /* Font */ = {
			isa = PBXGroup;
			children = (
				A2BA894F2B9ADFA7002FEEFA /* Font.swift */,
			);
			path = Font;
			sourceTree = "<group>";
		};
		A2BF15F12B8C64E70011A130 /* Message */ = {
			isa = PBXGroup;
			children = (
				A272A4902B871D03008EA955 /* ConversationListView.swift */,
				A2BF15F22B8C64EE0011A130 /* ChatView.swift */,
				A2B45C972B8A15FD00D71EF8 /* TIM */,
			);
			path = Message;
			sourceTree = "<group>";
		};
		A2E7F9A62B8CDF1300E86474 /* HomeView */ = {
			isa = PBXGroup;
			children = (
				A272A48E2B871CFD008EA955 /* RankView.swift */,
				A27EFFB12B92B67700B47BD6 /* RankListView.swift */,
				A2E7F9A72B8CDF2000E86474 /* HomeFliterView.swift */,
				A256DBA62B906737008C7063 /* HotBuyView.swift */,
			);
			path = HomeView;
			sourceTree = "<group>";
		};
		B127F7EE8E3E2ABAAF466928 /* Pods */ = {
			isa = PBXGroup;
			children = (
				ED9F8B9165A3149581433400 /* Pods-SMON.debug.xcconfig */,
				B89ABD50A53BACC20844D7AB /* Pods-SMON.release.xcconfig */,
			);
			path = Pods;
			sourceTree = "<group>";
		};
		D3E9067713C5560C79BBF173 /* Frameworks */ = {
			isa = PBXGroup;
			children = (
				A2218D6A2B89C3BE00ECE075 /* Photos.framework */,
				A2218D682B89BC3100ECE075 /* CoreMedia.framework */,
				A2218D642B89BB5400ECE075 /* CoreAudioTypes.framework */,
				A2218D102B89BAF700ECE075 /* libAlamofire.a */,
				A2218D112B89BAF700ECE075 /* libBolts.a */,
				A2218D122B89BAF700ECE075 /* libGodzippa.a */,
				A2218D132B89BAF700ECE075 /* libIGListDiffKit.a */,
				A2218D142B89BAF700ECE075 /* libim-uikit-tob.a */,
				A2218D152B89BAF700ECE075 /* BIMUIKit.bundle */,
				A2218D162B89BAF700ECE075 /* TIMOEmojiNew.bundle */,
				A2218D172B89BAF700ECE075 /* libimsdk-tob.a */,
				A2218D182B89BAF700ECE075 /* libIntrospect.a */,
				A2218D192B89BAF700ECE075 /* libKakaJSON.a */,
				A2218D1A2B89BAF700ECE075 /* libKingfisher.a */,
				A2218D1B2B89BAF700ECE075 /* Kingfisher.bundle */,
				A2218D1C2B89BAF700ECE075 /* libLantern.a */,
				A2218D1D2B89BAF700ECE075 /* liblibextobjc.a */,
				A2218D1E2B89BAF700ECE075 /* liblottie-ios.a */,
				A2218D1F2B89BAF700ECE075 /* LottiePrivacyInfo.bundle */,
				A2218D202B89BAF700ECE075 /* libMantle.a */,
				A2218D212B89BAF700ECE075 /* libMasonry.a */,
				A2218D222B89BAF700ECE075 /* libMJRefresh.a */,
				A2218D232B89BAF700ECE075 /* libMMKV.a */,
				A2218D242B89BAF700ECE075 /* libMMKVCore.a */,
				A2218D252B89BAF700ECE075 /* libMoya.a */,
				A2218D262B89BAF700ECE075 /* libOneKit.a */,
				A2218D272B89BAF700ECE075 /* libPanModal.a */,
				A2218D282B89BAF700ECE075 /* libProtobuf.a */,
				A2218D292B89BAF700ECE075 /* libRangersAPM.a */,
				A2218D2A2B89BAF700ECE075 /* RangersAPMPrivacyInfo.bundle */,
				A2218D2B2B89BAF700ECE075 /* libRangersAppLog.a */,
				A2218D2C2B89BAF700ECE075 /* RangersAppLog.bundle */,
				A2218D2D2B89BAF700ECE075 /* libRSSwizzle.a */,
				A2218D2E2B89BAF700ECE075 /* libSDWebImage.a */,
				A2218D2F2B89BAF700ECE075 /* SDWebImage.bundle */,
				A2218D302B89BAF700ECE075 /* libSPAlert.a */,
				A2218D312B89BAF700ECE075 /* libSQLiteRepairKit.a */,
				A2218D322B89BAF700ECE075 /* libSwifterSwift.a */,
				A2218D332B89BAF700ECE075 /* libSwiftyJSON.a */,
				A2218D342B89BAF700ECE075 /* libTagly.a */,
				A2218D352B89BAF700ECE075 /* libTTSDK.a */,
				A2218D362B89BAF700ECE075 /* libWCDB.a */,
				A2218D372B89BAF700ECE075 /* libWCDBOptimizedSQLCipher.a */,
				A2218D382B89BAF700ECE075 /* libYYCache.a */,
				61E00318C8FBEEF76CFD20CC /* Pods_SMON.framework */,
			);
			name = Frameworks;
			sourceTree = "<group>";
		};
/* End PBXGroup section */

/* Begin PBXNativeTarget section */
		A272A4662B8706FB008EA955 /* SMON */ = {
			isa = PBXNativeTarget;
			buildConfigurationList = A272A47A2B8706FC008EA955 /* Build configuration list for PBXNativeTarget "SMON" */;
			buildPhases = (
				F8967B72DC0EF44FB6A9E15A /* [CP] Check Pods Manifest.lock */,
				A272A4632B8706FB008EA955 /* Sources */,
				A272A4642B8706FB008EA955 /* Frameworks */,
				A272A4652B8706FB008EA955 /* Resources */,
				5E27710FAB9A05E2BBA2556B /* [CP] Embed Pods Frameworks */,
			);
			buildRules = (
			);
			dependencies = (
			);
			name = SMON;
			packageProductDependencies = (
				A272A47E2B870C65008EA955 /* Pow */,
				A272A4812B870C73008EA955 /* SwiftUIX */,
				A2BF15ED2B8C43F20011A130 /* SwiftUIX */,
			);
			productName = SMON;
			productReference = A272A4672B8706FB008EA955 /* SMON.app */;
			productType = "com.apple.product-type.application";
		};
/* End PBXNativeTarget section */

/* Begin PBXProject section */
		A272A45F2B8706FB008EA955 /* Project object */ = {
			isa = PBXProject;
			attributes = {
				BuildIndependentTargetsInParallel = 1;
				LastSwiftUpdateCheck = 1520;
				LastUpgradeCheck = 1520;
				TargetAttributes = {
					A272A4662B8706FB008EA955 = {
						CreatedOnToolsVersion = 15.2;
						LastSwiftMigration = 1520;
					};
				};
			};
			buildConfigurationList = A272A4622B8706FB008EA955 /* Build configuration list for PBXProject "SMON" */;
			compatibilityVersion = "Xcode 14.0";
			developmentRegion = en;
			hasScannedForEncodings = 0;
			knownRegions = (
				en,
				Base,
			);
			mainGroup = A272A45E2B8706FB008EA955;
			packageReferences = (
				A272A47D2B870C65008EA955 /* XCRemoteSwiftPackageReference "Pow" */,
				A272A4802B870C73008EA955 /* XCRemoteSwiftPackageReference "SwiftUIX" */,
			);
			productRefGroup = A272A4682B8706FB008EA955 /* Products */;
			projectDirPath = "";
			projectRoot = "";
			targets = (
				A272A4662B8706FB008EA955 /* SMON */,
			);
		};
/* End PBXProject section */

/* Begin PBXResourcesBuildPhase section */
		A272A4652B8706FB008EA955 /* Resources */ = {
			isa = PBXResourcesBuildPhase;
			buildActionMask = 2147483647;
			files = (
				A28C55A92B95B99E00707EDA /* 省份&城市.json in Resources */,
				A2E7F9AA2B8D817B00E86474 /* Podfile in Resources */,
				A272A4722B8706FC008EA955 /* Preview Assets.xcassets in Resources */,
				A256DBA52B904622008C7063 /* TUICoreXMTheme.bundle in Resources */,
				A272A46F2B8706FC008EA955 /* Assets.xcassets in Resources */,
				A256DBA32B9045DB008C7063 /* TUIConversationXMTheme.bundle in Resources */,
				A256DB992B901C88008C7063 /* AppConfig.plist in Resources */,
				A2BF163B2B8C811D0011A130 /* Launch Screen.storyboard in Resources */,
				A2E7F9B62B8DADBF00E86474 /* TUIChatXMTheme.bundle in Resources */,
				A26A02FE2B876ED900F6AC9B /* LoginBackgroundVideo.mp4 in Resources */,
				A205EBF92B97EE2800165A43 /* 兴趣标签.json in Resources */,
			);
			runOnlyForDeploymentPostprocessing = 0;
		};
/* End PBXResourcesBuildPhase section */

/* Begin PBXShellScriptBuildPhase section */
		5E27710FAB9A05E2BBA2556B /* [CP] Embed Pods Frameworks */ = {
			isa = PBXShellScriptBuildPhase;
			buildActionMask = 2147483647;
			files = (
			);
			inputFileListPaths = (
				"${PODS_ROOT}/Target Support Files/Pods-SMON/Pods-SMON-frameworks-${CONFIGURATION}-input-files.xcfilelist",
			);
			name = "[CP] Embed Pods Frameworks";
			outputFileListPaths = (
				"${PODS_ROOT}/Target Support Files/Pods-SMON/Pods-SMON-frameworks-${CONFIGURATION}-output-files.xcfilelist",
			);
			runOnlyForDeploymentPostprocessing = 0;
			shellPath = /bin/sh;
			shellScript = "\"${PODS_ROOT}/Target Support Files/Pods-SMON/Pods-SMON-frameworks.sh\"\n";
			showEnvVarsInLog = 0;
		};
		F8967B72DC0EF44FB6A9E15A /* [CP] Check Pods Manifest.lock */ = {
			isa = PBXShellScriptBuildPhase;
			buildActionMask = 2147483647;
			files = (
			);
			inputFileListPaths = (
			);
			inputPaths = (
				"${PODS_PODFILE_DIR_PATH}/Podfile.lock",
				"${PODS_ROOT}/Manifest.lock",
			);
			name = "[CP] Check Pods Manifest.lock";
			outputFileListPaths = (
			);
			outputPaths = (
				"$(DERIVED_FILE_DIR)/Pods-SMON-checkManifestLockResult.txt",
			);
			runOnlyForDeploymentPostprocessing = 0;
			shellPath = /bin/sh;
			shellScript = "diff \"${PODS_PODFILE_DIR_PATH}/Podfile.lock\" \"${PODS_ROOT}/Manifest.lock\" > /dev/null\nif [ $? != 0 ] ; then\n    # print error to STDERR\n    echo \"error: The sandbox is not in sync with the Podfile.lock. Run 'pod install' or update your CocoaPods installation.\" >&2\n    exit 1\nfi\n# This output is used by Xcode 'outputs' to avoid re-running this script phase.\necho \"SUCCESS\" > \"${SCRIPT_OUTPUT_FILE_0}\"\n";
			showEnvVarsInLog = 0;
		};
/* End PBXShellScriptBuildPhase section */

/* Begin PBXSourcesBuildPhase section */
		A272A4632B8706FB008EA955 /* Sources */ = {
			isa = PBXSourcesBuildPhase;
			buildActionMask = 2147483647;
			files = (
				A2BA895E2B9B3C2D002FEEFA /* XMListDataViewModel.swift in Sources */,
				A28C55E22B96D85500707EDA /* Date+.swift in Sources */,
				A25AAD382B8F238E00B7CE40 /* SmokeRequestView.swift in Sources */,
				A26A030D2B89B43300F6AC9B /* SMON-Bridging-Header.h in Sources */,
				A20AF7582B92C42F0098E561 /* XMTyperText.swift in Sources */,
				A2B45CB32B8B28A800D71EF8 /* SettingViewModel.swift in Sources */,
				A25AAD302B8F19A900B7CE40 /* RelationHopeRequestView.swift in Sources */,
				A272A4742B8706FC008EA955 /* Persistence.swift in Sources */,
				A281EFE82B9AB6E700E9DE05 /* HotHistoryView.swift in Sources */,
				A2B45CAE2B8B222400D71EF8 /* ProfileViewModel.swift in Sources */,
				A2784F172B9166CB00A1B06F /* ProfileHomeView.swift in Sources */,
				A2BF15F32B8C64EE0011A130 /* ChatView.swift in Sources */,
				A25AAD262B8EE9BE00B7CE40 /* PhotoSelector.swift in Sources */,
				A272A48F2B871CFD008EA955 /* RankView.swift in Sources */,
				A256DBA72B906737008C7063 /* HotBuyView.swift in Sources */,
				A281EFE62B99B23700E9DE05 /* XMPhoto.swift in Sources */,
				A2784F1B2B91851200A1B06F /* CoinshopView.swift in Sources */,
				A27EFFAB2B92140B00B47BD6 /* NetworkLoggerPlugin.swift in Sources */,
				A25AAD2C2B8EF7FD00B7CE40 /* SexRequestView.swift in Sources */,
				A25AAD202B8ECEB200B7CE40 /* UserInfoRequestViewModel.swift in Sources */,
				A27EFFB22B92B67700B47BD6 /* RankListView.swift in Sources */,
				A26A03072B88C92000F6AC9B /* Public.swift in Sources */,
				A28F543E2B8738B300AF9CD3 /* LoginViewModel.swift in Sources */,
				A272A4772B8706FC008EA955 /* SMON.xcdatamodeld in Sources */,
				A272A4852B871C77008EA955 /* MainView.swift in Sources */,
				A27EFFB82B92B75A00B47BD6 /* PostListView.swift in Sources */,
				A27EFFAE2B92140B00B47BD6 /* Networking.swift in Sources */,
				A2B45CA32B8B008B00D71EF8 /* PublicFuncs.swift in Sources */,
				A25AAD412B90073B00B7CE40 /* WechatRequestView.swift in Sources */,
				A20380E92B95852500278493 /* CommonAPI.swift in Sources */,
				A2B45CAC2B8B1E3C00D71EF8 /* ViewFuncs.swift in Sources */,
				A25AAD242B8EDE5000B7CE40 /* AvatarRequestView.swift in Sources */,
				A256DB972B900BF6008C7063 /* WebView.swift in Sources */,
				A2BA89502B9ADFA7002FEEFA /* Font.swift in Sources */,
				A281EFEA2B9AB99500E9DE05 /* WechatGiftView.swift in Sources */,
				A2BA895A2B9B3823002FEEFA /* RankAPI.swift in Sources */,
				A28F54412B8739EF00AF9CD3 /* AppWarningView.swift in Sources */,
				A256DB9B2B901C9F008C7063 /* AppConfig.swift in Sources */,
				A28FEF1C2B8DD74D002E8FB2 /* Color.swift in Sources */,
				A27EFFAA2B92140B00B47BD6 /* Response+Extension.swift in Sources */,
				A25AAD222B8ED29D00B7CE40 /* NameRequestView.swift in Sources */,
				A2B45CA72B8B089900D71EF8 /* String+.swift in Sources */,
				A2B45CA92B8B0C6B00D71EF8 /* RankViewModel.swift in Sources */,
				A25AAD3C2B8F26B700B7CE40 /* RequestCompleteView.swift in Sources */,
				A2B45C992B8A161400D71EF8 /* ConversationListContainer.swift in Sources */,
				A25AAD322B8F1D3700B7CE40 /* HobbyRequestView.swift in Sources */,
				A20380E72B95697E00278493 /* UserAPI.swift in Sources */,
				A25AAD3A2B8F246C00B7CE40 /* BioRequestView.swift in Sources */,
				A27EFFAC2B92140B00B47BD6 /* NetworkPopPlugin.swift in Sources */,
				A27EFF9D2B92035700B47BD6 /* PostDetailView.swift in Sources */,
				A2BA89542B9B03E6002FEEFA /* XMCompetition.swift in Sources */,
				A272A4912B871D03008EA955 /* ConversationListView.swift in Sources */,
				A25AAD342B8F1E9500B7CE40 /* HeightRequestView.swift in Sources */,
				A25AAD282B8EF06400B7CE40 /* MorePhotoRequestView.swift in Sources */,
				A2B45C9B2B8A183200D71EF8 /* ChatViewContainer.swift in Sources */,
				A256DBAA2B907E7A008C7063 /* PostEditView.swift in Sources */,
				A2B45CB72B8B4EA000D71EF8 /* Color+.swift in Sources */,
				A27EFFA82B92140B00B47BD6 /* MoyaResult+Extension.swift in Sources */,
				A20AF7562B92BF400098E561 /* WebImage.swift in Sources */,
				A2BA89602B9BDF8F002FEEFA /* XMEmptyView.swift in Sources */,
				A2BF163D2B8C83B90011A130 /* LaunchScreenAnimation.swift in Sources */,
				A26A030C2B89AF2A00F6AC9B /* AppDelegate.swift in Sources */,
				A26A03042B88C88800F6AC9B /* MainTabbar.swift in Sources */,
				A27EFFB42B92B6DB00B47BD6 /* FeedViewModel.swift in Sources */,
				A28C55E02B96B69E00707EDA /* XMTag.swift in Sources */,
				A27EFFAD2B92140B00B47BD6 /* XMTargetType.swift in Sources */,
				A28F54492B873CD600AF9CD3 /* LoginView_VCode.swift in Sources */,
				A2BA895C2B9B3994002FEEFA /* Array+.swift in Sources */,
				A2BA894D2B9ACBCE002FEEFA /* XMTopBlurView.swift in Sources */,
				A272A4932B871D1A008EA955 /* PostFeedView.swift in Sources */,
				A28C55DE2B95E8A400707EDA /* XMStateView.swift in Sources */,
				A25AAD2A2B8EF6B600B7CE40 /* BrithdayDayRequestView.swift in Sources */,
				A2784F212B9186A500A1B06F /* NotificationView.swift in Sources */,
				A20AF75E2B931DF60098E561 /* ProfileEditView.swift in Sources */,
				A28FEF1F2B8EC7EC002E8FB2 /* UserInfoRequestMainView.swift in Sources */,
				A205EBFB2B97FCE100165A43 /* YuanyuanManager.swift in Sources */,
				A2E7F9A82B8CDF2000E86474 /* HomeFliterView.swift in Sources */,
				A27EFFBA2B92B7B000B47BD6 /* PostView.swift in Sources */,
				A2BF15F02B8C55480011A130 /* UserManager.swift in Sources */,
				A281EFE22B99996400E9DE05 /* WechatSettingView.swift in Sources */,
				A2B45CB12B8B27C900D71EF8 /* SettingView.swift in Sources */,
				A25AAD3E2B8F4E7400B7CE40 /* BdsmRequestView.swift in Sources */,
				A27EFFA92B92140B00B47BD6 /* MoyaProviderType+Extension.swift in Sources */,
				A2BA89642B9BF005002FEEFA /* XMConversationLine.swift in Sources */,
				A25AAD2E2B8EFE9900B7CE40 /* AliOSSManager.swift in Sources */,
				A272A4952B871D80008EA955 /* AppFeaturesView.swift in Sources */,
				A28C55AB2B95BE1300707EDA /* MockTool.swift in Sources */,
				A26B53BE2B9BF51E00BD748F /* BannerRow.swift in Sources */,
				A2784F1D2B91851800A1B06F /* MyHotInfoView.swift in Sources */,
				A2BA89622B9BEFF0002FEEFA /* XMUserLine.swift in Sources */,
				A20AF75C2B9300260098E561 /* LocationManager.swift in Sources */,
				A272A4972B871D8D008EA955 /* LoginMainView.swift in Sources */,
				A28F54432B8739F900AF9CD3 /* LoginView.swift in Sources */,
				A272A48D2B871CF9008EA955 /* ProfileView.swift in Sources */,
				A2BA89582B9B12C0002FEEFA /* SnapCarousel.swift in Sources */,
				A28C55AD2B95BFF600707EDA /* User.swift in Sources */,
				A2784F232B9186FF00A1B06F /* PanViewBox.swift in Sources */,
				A25AAD362B8F238600B7CE40 /* DrinkRequestView.swift in Sources */,
				A27EFFB62B92B6E700B47BD6 /* Post.swift in Sources */,
				A272A46B2B8706FB008EA955 /* SMONApp.swift in Sources */,
				A2BF15F52B8C67060011A130 /* PermissionManager.swift in Sources */,
				A2BF15EC2B8C423D0011A130 /* XMUIDesginSystemView.swift in Sources */,
				A2784F152B90CA4900A1B06F /* UIViewController+.swift in Sources */,
				A2B45CA02B8AFCB300D71EF8 /* Components.swift in Sources */,
				A26A030A2B89AEAE00F6AC9B /* Bridge.m in Sources */,
				A2784F1F2B91852100A1B06F /* RelationListView.swift in Sources */,
				A281EFE42B99A09300E9DE05 /* HobbySelectedView.swift in Sources */,
				A2BA894B2B9AC69A002FEEFA /* CompetitionView.swift in Sources */,
				A26A03012B88C77000F6AC9B /* MainViewModel.swift in Sources */,
			);
			runOnlyForDeploymentPostprocessing = 0;
		};
/* End PBXSourcesBuildPhase section */

/* Begin XCBuildConfiguration section */
		A272A4782B8706FC008EA955 /* Debug */ = {
			isa = XCBuildConfiguration;
			buildSettings = {
				ALWAYS_SEARCH_USER_PATHS = NO;
				ASSETCATALOG_COMPILER_GENERATE_SWIFT_ASSET_SYMBOL_EXTENSIONS = YES;
				CLANG_ANALYZER_NONNULL = YES;
				CLANG_ANALYZER_NUMBER_OBJECT_CONVERSION = YES_AGGRESSIVE;
				CLANG_CXX_LANGUAGE_STANDARD = "gnu++20";
				CLANG_ENABLE_MODULES = YES;
				CLANG_ENABLE_OBJC_ARC = YES;
				CLANG_ENABLE_OBJC_WEAK = YES;
				CLANG_WARN_BLOCK_CAPTURE_AUTORELEASING = YES;
				CLANG_WARN_BOOL_CONVERSION = YES;
				CLANG_WARN_COMMA = YES;
				CLANG_WARN_CONSTANT_CONVERSION = YES;
				CLANG_WARN_DEPRECATED_OBJC_IMPLEMENTATIONS = YES;
				CLANG_WARN_DIRECT_OBJC_ISA_USAGE = YES_ERROR;
				CLANG_WARN_DOCUMENTATION_COMMENTS = YES;
				CLANG_WARN_EMPTY_BODY = YES;
				CLANG_WARN_ENUM_CONVERSION = YES;
				CLANG_WARN_INFINITE_RECURSION = YES;
				CLANG_WARN_INT_CONVERSION = YES;
				CLANG_WARN_NON_LITERAL_NULL_CONVERSION = YES;
				CLANG_WARN_OBJC_IMPLICIT_RETAIN_SELF = YES;
				CLANG_WARN_OBJC_LITERAL_CONVERSION = YES;
				CLANG_WARN_OBJC_ROOT_CLASS = YES_ERROR;
				CLANG_WARN_QUOTED_INCLUDE_IN_FRAMEWORK_HEADER = YES;
				CLANG_WARN_RANGE_LOOP_ANALYSIS = YES;
				CLANG_WARN_STRICT_PROTOTYPES = YES;
				CLANG_WARN_SUSPICIOUS_MOVE = YES;
				CLANG_WARN_UNGUARDED_AVAILABILITY = YES_AGGRESSIVE;
				CLANG_WARN_UNREACHABLE_CODE = YES;
				CLANG_WARN__DUPLICATE_METHOD_MATCH = YES;
				COPY_PHASE_STRIP = NO;
				DEBUG_INFORMATION_FORMAT = dwarf;
				ENABLE_STRICT_OBJC_MSGSEND = YES;
				ENABLE_TESTABILITY = YES;
				ENABLE_USER_SCRIPT_SANDBOXING = NO;
				GCC_C_LANGUAGE_STANDARD = gnu17;
				GCC_DYNAMIC_NO_PIC = NO;
				GCC_NO_COMMON_BLOCKS = YES;
				GCC_OPTIMIZATION_LEVEL = 0;
				GCC_PREPROCESSOR_DEFINITIONS = (
					"DEBUG=1",
					"$(inherited)",
				);
				GCC_WARN_64_TO_32_BIT_CONVERSION = YES;
				GCC_WARN_ABOUT_RETURN_TYPE = YES_ERROR;
				GCC_WARN_UNDECLARED_SELECTOR = YES;
				GCC_WARN_UNINITIALIZED_AUTOS = YES_AGGRESSIVE;
				GCC_WARN_UNUSED_FUNCTION = YES;
				GCC_WARN_UNUSED_VARIABLE = YES;
				IPHONEOS_DEPLOYMENT_TARGET = 17.2;
				LOCALIZATION_PREFERS_STRING_CATALOGS = YES;
				MTL_ENABLE_DEBUG_INFO = INCLUDE_SOURCE;
				MTL_FAST_MATH = YES;
				ONLY_ACTIVE_ARCH = YES;
				SDKROOT = iphoneos;
				SWIFT_ACTIVE_COMPILATION_CONDITIONS = "DEBUG $(inherited)";
				SWIFT_OPTIMIZATION_LEVEL = "-Onone";
			};
			name = Debug;
		};
		A272A4792B8706FC008EA955 /* Release */ = {
			isa = XCBuildConfiguration;
			buildSettings = {
				ALWAYS_SEARCH_USER_PATHS = NO;
				ASSETCATALOG_COMPILER_GENERATE_SWIFT_ASSET_SYMBOL_EXTENSIONS = YES;
				CLANG_ANALYZER_NONNULL = YES;
				CLANG_ANALYZER_NUMBER_OBJECT_CONVERSION = YES_AGGRESSIVE;
				CLANG_CXX_LANGUAGE_STANDARD = "gnu++20";
				CLANG_ENABLE_MODULES = YES;
				CLANG_ENABLE_OBJC_ARC = YES;
				CLANG_ENABLE_OBJC_WEAK = YES;
				CLANG_WARN_BLOCK_CAPTURE_AUTORELEASING = YES;
				CLANG_WARN_BOOL_CONVERSION = YES;
				CLANG_WARN_COMMA = YES;
				CLANG_WARN_CONSTANT_CONVERSION = YES;
				CLANG_WARN_DEPRECATED_OBJC_IMPLEMENTATIONS = YES;
				CLANG_WARN_DIRECT_OBJC_ISA_USAGE = YES_ERROR;
				CLANG_WARN_DOCUMENTATION_COMMENTS = YES;
				CLANG_WARN_EMPTY_BODY = YES;
				CLANG_WARN_ENUM_CONVERSION = YES;
				CLANG_WARN_INFINITE_RECURSION = YES;
				CLANG_WARN_INT_CONVERSION = YES;
				CLANG_WARN_NON_LITERAL_NULL_CONVERSION = YES;
				CLANG_WARN_OBJC_IMPLICIT_RETAIN_SELF = YES;
				CLANG_WARN_OBJC_LITERAL_CONVERSION = YES;
				CLANG_WARN_OBJC_ROOT_CLASS = YES_ERROR;
				CLANG_WARN_QUOTED_INCLUDE_IN_FRAMEWORK_HEADER = YES;
				CLANG_WARN_RANGE_LOOP_ANALYSIS = YES;
				CLANG_WARN_STRICT_PROTOTYPES = YES;
				CLANG_WARN_SUSPICIOUS_MOVE = YES;
				CLANG_WARN_UNGUARDED_AVAILABILITY = YES_AGGRESSIVE;
				CLANG_WARN_UNREACHABLE_CODE = YES;
				CLANG_WARN__DUPLICATE_METHOD_MATCH = YES;
				COPY_PHASE_STRIP = NO;
				DEBUG_INFORMATION_FORMAT = "dwarf-with-dsym";
				ENABLE_NS_ASSERTIONS = NO;
				ENABLE_STRICT_OBJC_MSGSEND = YES;
				ENABLE_USER_SCRIPT_SANDBOXING = NO;
				GCC_C_LANGUAGE_STANDARD = gnu17;
				GCC_NO_COMMON_BLOCKS = YES;
				GCC_WARN_64_TO_32_BIT_CONVERSION = YES;
				GCC_WARN_ABOUT_RETURN_TYPE = YES_ERROR;
				GCC_WARN_UNDECLARED_SELECTOR = YES;
				GCC_WARN_UNINITIALIZED_AUTOS = YES_AGGRESSIVE;
				GCC_WARN_UNUSED_FUNCTION = YES;
				GCC_WARN_UNUSED_VARIABLE = YES;
				IPHONEOS_DEPLOYMENT_TARGET = 17.2;
				LOCALIZATION_PREFERS_STRING_CATALOGS = YES;
				MTL_ENABLE_DEBUG_INFO = NO;
				MTL_FAST_MATH = YES;
				SDKROOT = iphoneos;
				SWIFT_COMPILATION_MODE = wholemodule;
				VALIDATE_PRODUCT = YES;
			};
			name = Release;
		};
		A272A47B2B8706FC008EA955 /* Debug */ = {
			isa = XCBuildConfiguration;
			baseConfigurationReference = ED9F8B9165A3149581433400 /* Pods-SMON.debug.xcconfig */;
			buildSettings = {
				ASSETCATALOG_COMPILER_APPICON_NAME = AppIcon;
				ASSETCATALOG_COMPILER_GLOBAL_ACCENT_COLOR_NAME = AccentColor;
				ASSETCATALOG_COMPILER_INCLUDE_ALL_APPICON_ASSETS = YES;
				CLANG_ENABLE_MODULES = YES;
				CODE_SIGN_STYLE = Automatic;
				CURRENT_PROJECT_VERSION = 1;
				DEVELOPMENT_ASSET_PATHS = "\"SMON/Preview Content\"";
				DEVELOPMENT_TEAM = PX9F7733KU;
				ENABLE_MODULE_VERIFIER = YES;
				ENABLE_PREVIEWS = YES;
				ENABLE_USER_SCRIPT_SANDBOXING = NO;
				"EXCLUDED_ARCHS[sdk=iphonesimulator*]" = "";
				GENERATE_INFOPLIST_FILE = YES;
				INFOPLIST_FILE = SMON/Info.plist;
				INFOPLIST_KEY_CFBundleDisplayName = "每日大赛";
				INFOPLIST_KEY_LSApplicationCategoryType = "public.app-category.lifestyle";
				INFOPLIST_KEY_NSCameraUsageDescription = "We need access to your camera to take photos and record videos.";
				INFOPLIST_KEY_NSContactsUsageDescription = "We need access to your contacts to provide better user experience.";
				INFOPLIST_KEY_NSLocationAlwaysAndWhenInUseUsageDescription = "提供位置信息，以发现附近的会员。";
				INFOPLIST_KEY_NSLocationWhenInUseUsageDescription = "提供位置信息，以发现附近的会员。";
				INFOPLIST_KEY_NSMicrophoneUsageDescription = "We need access to your microphone for recording audio.";
				INFOPLIST_KEY_NSPhotoLibraryUsageDescription = "We need access to your photo library to save and retrieve photos.";
				INFOPLIST_KEY_UIApplicationSupportsIndirectInputEvents = YES;
				INFOPLIST_KEY_UILaunchStoryboardName = "Launch Screen.storyboard";
				INFOPLIST_KEY_UIStatusBarHidden = YES;
				INFOPLIST_KEY_UIStatusBarStyle = UIStatusBarStyleDarkContent;
				INFOPLIST_KEY_UISupportedInterfaceOrientations = UIInterfaceOrientationPortrait;
				IPHONEOS_DEPLOYMENT_TARGET = 16.0;
				LD_RUNPATH_SEARCH_PATHS = (
					"$(inherited)",
					"@executable_path/Frameworks",
				);
				MARKETING_VERSION = 1.0.0;
				MODULE_VERIFIER_SUPPORTED_LANGUAGES = "objective-c objective-c++";
				MODULE_VERIFIER_SUPPORTED_LANGUAGE_STANDARDS = "gnu17 gnu++20";
				ONLY_ACTIVE_ARCH = YES;
				OTHER_LDFLAGS = "";
				PRODUCT_BUNDLE_IDENTIFIER = com.dailycontest.smon;
				PRODUCT_NAME = "$(TARGET_NAME)";
				SUPPORTED_PLATFORMS = "iphoneos iphonesimulator";
				SUPPORTS_MACCATALYST = NO;
				SUPPORTS_MAC_DESIGNED_FOR_IPHONE_IPAD = NO;
				SUPPORTS_XR_DESIGNED_FOR_IPHONE_IPAD = NO;
				SWIFT_EMIT_LOC_STRINGS = YES;
				SWIFT_OBJC_BRIDGING_HEADER = "SMON/SMON-Bridging-Header.h";
				SWIFT_OPTIMIZATION_LEVEL = "-Onone";
				SWIFT_VERSION = 5.0;
				TARGETED_DEVICE_FAMILY = 1;
			};
			name = Debug;
		};
		A272A47C2B8706FC008EA955 /* Release */ = {
			isa = XCBuildConfiguration;
			baseConfigurationReference = B89ABD50A53BACC20844D7AB /* Pods-SMON.release.xcconfig */;
			buildSettings = {
				ASSETCATALOG_COMPILER_APPICON_NAME = AppIcon;
				ASSETCATALOG_COMPILER_GLOBAL_ACCENT_COLOR_NAME = AccentColor;
				ASSETCATALOG_COMPILER_INCLUDE_ALL_APPICON_ASSETS = YES;
				CLANG_ENABLE_MODULES = YES;
				CODE_SIGN_STYLE = Automatic;
				CURRENT_PROJECT_VERSION = 1;
				DEVELOPMENT_ASSET_PATHS = "\"SMON/Preview Content\"";
				DEVELOPMENT_TEAM = PX9F7733KU;
				ENABLE_MODULE_VERIFIER = YES;
				ENABLE_PREVIEWS = YES;
				ENABLE_USER_SCRIPT_SANDBOXING = NO;
				"EXCLUDED_ARCHS[sdk=iphonesimulator*]" = "";
				GENERATE_INFOPLIST_FILE = YES;
				INFOPLIST_FILE = SMON/Info.plist;
				INFOPLIST_KEY_CFBundleDisplayName = "每日大赛";
				INFOPLIST_KEY_LSApplicationCategoryType = "public.app-category.lifestyle";
				INFOPLIST_KEY_NSCameraUsageDescription = "We need access to your camera to take photos and record videos.";
				INFOPLIST_KEY_NSContactsUsageDescription = "We need access to your contacts to provide better user experience.";
				INFOPLIST_KEY_NSLocationAlwaysAndWhenInUseUsageDescription = "提供位置信息，以发现附近的会员。";
				INFOPLIST_KEY_NSLocationWhenInUseUsageDescription = "提供位置信息，以发现附近的会员。";
				INFOPLIST_KEY_NSMicrophoneUsageDescription = "We need access to your microphone for recording audio.";
				INFOPLIST_KEY_NSPhotoLibraryUsageDescription = "We need access to your photo library to save and retrieve photos.";
				INFOPLIST_KEY_UIApplicationSupportsIndirectInputEvents = YES;
				INFOPLIST_KEY_UILaunchStoryboardName = "Launch Screen.storyboard";
				INFOPLIST_KEY_UIStatusBarHidden = YES;
				INFOPLIST_KEY_UIStatusBarStyle = UIStatusBarStyleDarkContent;
				INFOPLIST_KEY_UISupportedInterfaceOrientations = UIInterfaceOrientationPortrait;
				IPHONEOS_DEPLOYMENT_TARGET = 16.0;
				LD_RUNPATH_SEARCH_PATHS = (
					"$(inherited)",
					"@executable_path/Frameworks",
				);
				MARKETING_VERSION = 1.0.0;
				MODULE_VERIFIER_SUPPORTED_LANGUAGES = "objective-c objective-c++";
				MODULE_VERIFIER_SUPPORTED_LANGUAGE_STANDARDS = "gnu17 gnu++20";
				ONLY_ACTIVE_ARCH = YES;
				OTHER_LDFLAGS = "";
				PRODUCT_BUNDLE_IDENTIFIER = com.dailycontest.smon;
				PRODUCT_NAME = "$(TARGET_NAME)";
				SUPPORTED_PLATFORMS = "iphoneos iphonesimulator";
				SUPPORTS_MACCATALYST = NO;
				SUPPORTS_MAC_DESIGNED_FOR_IPHONE_IPAD = NO;
				SUPPORTS_XR_DESIGNED_FOR_IPHONE_IPAD = NO;
				SWIFT_EMIT_LOC_STRINGS = YES;
				SWIFT_OBJC_BRIDGING_HEADER = "SMON/SMON-Bridging-Header.h";
				SWIFT_VERSION = 5.0;
				TARGETED_DEVICE_FAMILY = 1;
			};
			name = Release;
		};
/* End XCBuildConfiguration section */

/* Begin XCConfigurationList section */
		A272A4622B8706FB008EA955 /* Build configuration list for PBXProject "SMON" */ = {
			isa = XCConfigurationList;
			buildConfigurations = (
				A272A4782B8706FC008EA955 /* Debug */,
				A272A4792B8706FC008EA955 /* Release */,
			);
			defaultConfigurationIsVisible = 0;
			defaultConfigurationName = Release;
		};
		A272A47A2B8706FC008EA955 /* Build configuration list for PBXNativeTarget "SMON" */ = {
			isa = XCConfigurationList;
			buildConfigurations = (
				A272A47B2B8706FC008EA955 /* Debug */,
				A272A47C2B8706FC008EA955 /* Release */,
			);
			defaultConfigurationIsVisible = 0;
			defaultConfigurationName = Release;
		};
/* End XCConfigurationList section */

/* Begin XCRemoteSwiftPackageReference section */
		A272A47D2B870C65008EA955 /* XCRemoteSwiftPackageReference "Pow" */ = {
			isa = XCRemoteSwiftPackageReference;
			repositoryURL = "https://github.com/movingparts-io/Pow";
			requirement = {
				kind = upToNextMajorVersion;
				minimumVersion = 1.0.3;
			};
		};
		A272A4802B870C73008EA955 /* XCRemoteSwiftPackageReference "SwiftUIX" */ = {
			isa = XCRemoteSwiftPackageReference;
			repositoryURL = "https://github.com/SwiftUIX/SwiftUIX.git";
			requirement = {
				kind = upToNextMajorVersion;
				minimumVersion = 0.1.9;
			};
		};
/* End XCRemoteSwiftPackageReference section */

/* Begin XCSwiftPackageProductDependency section */
		A272A47E2B870C65008EA955 /* Pow */ = {
			isa = XCSwiftPackageProductDependency;
			package = A272A47D2B870C65008EA955 /* XCRemoteSwiftPackageReference "Pow" */;
			productName = Pow;
		};
		A272A4812B870C73008EA955 /* SwiftUIX */ = {
			isa = XCSwiftPackageProductDependency;
			package = A272A4802B870C73008EA955 /* XCRemoteSwiftPackageReference "SwiftUIX" */;
			productName = SwiftUIX;
		};
		A2BF15ED2B8C43F20011A130 /* SwiftUIX */ = {
			isa = XCSwiftPackageProductDependency;
			productName = SwiftUIX;
		};
/* End XCSwiftPackageProductDependency section */

/* Begin XCVersionGroup section */
		A272A4752B8706FC008EA955 /* SMON.xcdatamodeld */ = {
			isa = XCVersionGroup;
			children = (
				A272A4762B8706FC008EA955 /* SMON.xcdatamodel */,
			);
			currentVersion = A272A4762B8706FC008EA955 /* SMON.xcdatamodel */;
			path = SMON.xcdatamodeld;
			sourceTree = "<group>";
			versionGroupType = wrapper.xcdatamodel;
		};
/* End XCVersionGroup section */
	};
	rootObject = A272A45F2B8706FB008EA955 /* Project object */;
}
