PODS:
  - Alamofire (5.8.1)
  - AliyunOSSiOS (2.10.18)
  - Introspect (0.12.0)
  - JCore (3.2.3-noidfa)
  - JDStatusBarNotification (2.2.1)
  - JPush (4.8.0):
    - JCore (>= 2.0.0)
  - KakaJSON (1.1.2)
  - Kingfisher (7.11.0)
  - Lantern (1.1.5)
  - lottie-ios (4.4.1)
  - Masonry (1.1.0)
  - Moya (15.0.0):
    - Moya/Core (= 15.0.0)
  - Moya/Combine (15.0.0):
    - Moya/Core
  - Moya/Core (15.0.0):
    - Alamofire (~> 5.0)
  - PanModal (1.2.7)
  - ReactiveObjC (3.1.1)
  - SDWebImage (5.19.0):
    - SDWebImage/Core (= 5.19.0)
  - SDWebImage/Core (5.19.0)
  - SPAlert (5.1.8)
  - SwifterSwift (6.0.0):
    - SwifterSwift/AppKit (= 6.0.0)
    - SwifterSwift/Combine (= 6.0.0)
    - SwifterSwift/CoreAnimation (= 6.0.0)
    - SwifterSwift/CoreGraphics (= 6.0.0)
    - SwifterSwift/CoreLocation (= 6.0.0)
    - SwifterSwift/CryptoKit (= 6.0.0)
    - SwifterSwift/Dispatch (= 6.0.0)
    - SwifterSwift/Foundation (= 6.0.0)
    - SwifterSwift/HealthKit (= 6.0.0)
    - SwifterSwift/MapKit (= 6.0.0)
    - SwifterSwift/SceneKit (= 6.0.0)
    - SwifterSwift/SpriteKit (= 6.0.0)
    - SwifterSwift/StoreKit (= 6.0.0)
    - SwifterSwift/SwiftStdlib (= 6.0.0)
    - SwifterSwift/UIKit (= 6.0.0)
    - SwifterSwift/WebKit (= 6.0.0)
  - SwifterSwift/AppKit (6.0.0)
  - SwifterSwift/Combine (6.0.0)
  - SwifterSwift/CoreAnimation (6.0.0)
  - SwifterSwift/CoreGraphics (6.0.0)
  - SwifterSwift/CoreLocation (6.0.0)
  - SwifterSwift/CryptoKit (6.0.0)
  - SwifterSwift/Dispatch (6.0.0)
  - SwifterSwift/Foundation (6.0.0)
  - SwifterSwift/HealthKit (6.0.0)
  - SwifterSwift/MapKit (6.0.0)
  - SwifterSwift/SceneKit (6.0.0)
  - SwifterSwift/SpriteKit (6.0.0)
  - SwifterSwift/StoreKit (6.0.0)
  - SwifterSwift/SwiftStdlib (6.0.0)
  - SwifterSwift/UIKit (6.0.0)
  - SwifterSwift/WebKit (6.0.0)
  - SwiftyJSON (5.0.1)
  - SwiftyStoreKit (0.16.1)
  - Tagly (0.1.1)
  - TencentCloudHuiyanSDKFace_framework (8.3.0)
  - TIMCommon (7.8.5483):
    - TIMCommon/BaseCell (= 7.8.5483)
    - TIMCommon/BaseCellData (= 7.8.5483)
    - TIMCommon/CommonModel (= 7.8.5483)
    - TIMCommon/UI_Classic (= 7.8.5483)
    - TIMCommon/UI_Minimalist (= 7.8.5483)
  - TIMCommon/BaseCell (7.8.5483):
    - TIMCommon/BaseCellData
  - TIMCommon/BaseCellData (7.8.5483):
    - TIMCommon/CommonModel
  - TIMCommon/CommonModel (7.8.5483):
    - Masonry
    - ReactiveObjC
    - SDWebImage
    - TUICore (= 7.8.5483)
    - TXIMSDK_Plus_iOS (~> 7.8.5483)
  - TIMCommon/UI_Classic (7.8.5483):
    - TIMCommon/BaseCell
  - TIMCommon/UI_Minimalist (7.8.5483):
    - TIMCommon/BaseCell
  - TUIChat/BaseCell (7.8.5483):
    - TUIChat/BaseCellData
  - TUIChat/BaseCellData (7.8.5483):
    - TUIChat/BaseCellData/Base (= 7.8.5483)
    - TUIChat/BaseCellData/Chat (= 7.8.5483)
    - TUIChat/BaseCellData/Custom (= 7.8.5483)
    - TUIChat/BaseCellData/Reply (= 7.8.5483)
  - TUIChat/BaseCellData/Base (7.8.5483):
    - TUIChat/CommonModel
  - TUIChat/BaseCellData/Chat (7.8.5483):
    - TUIChat/BaseCellData/Base
  - TUIChat/BaseCellData/Custom (7.8.5483):
    - TUIChat/BaseCellData/Chat
  - TUIChat/BaseCellData/Reply (7.8.5483):
    - TUIChat/BaseCellData/Custom
  - TUIChat/BaseDataProvider (7.8.5483):
    - TUIChat/BaseDataProvider/Base (= 7.8.5483)
    - TUIChat/BaseDataProvider/Impl (= 7.8.5483)
  - TUIChat/BaseDataProvider/Base (7.8.5483):
    - TUIChat/BaseCellData
  - TUIChat/BaseDataProvider/Impl (7.8.5483):
    - TUIChat/BaseCellData
    - TUIChat/BaseDataProvider/Base
  - TUIChat/CommonModel (7.8.5483):
    - Masonry
    - ReactiveObjC
    - SDWebImage
    - TIMCommon (= 7.8.5483)
    - TUIChat/VoiceConvert
    - TUICore (= 7.8.5483)
    - TXIMSDK_Plus_iOS (~> 7.8.5483)
  - TUIChat/CommonUI (7.8.5483):
    - TUIChat/CommonUI/Camera (= 7.8.5483)
    - TUIChat/CommonUI/Pendency (= 7.8.5483)
    - TUIChat/CommonUI/Pop (= 7.8.5483)
  - TUIChat/CommonUI/Camera (7.8.5483):
    - TUIChat/BaseCell
    - TUIChat/BaseDataProvider
  - TUIChat/CommonUI/Pendency (7.8.5483):
    - TUIChat/BaseCell
    - TUIChat/BaseDataProvider
  - TUIChat/CommonUI/Pop (7.8.5483):
    - TUIChat/BaseCell
    - TUIChat/BaseDataProvider
  - TUIChat/UI_Classic (7.8.5483):
    - TUIChat/UI_Classic/Cell (= 7.8.5483)
    - TUIChat/UI_Classic/Chat (= 7.8.5483)
    - TUIChat/UI_Classic/Header (= 7.8.5483)
    - TUIChat/UI_Classic/Input (= 7.8.5483)
    - TUIChat/UI_Classic/Service (= 7.8.5483)
  - TUIChat/UI_Classic/Cell (7.8.5483):
    - TUIChat/UI_Classic/Cell/Base (= 7.8.5483)
    - TUIChat/UI_Classic/Cell/Chat (= 7.8.5483)
    - TUIChat/UI_Classic/Cell/Custom (= 7.8.5483)
    - TUIChat/UI_Classic/Cell/Reply (= 7.8.5483)
  - TUIChat/UI_Classic/Cell/Base (7.8.5483):
    - TUIChat/CommonUI
  - TUIChat/UI_Classic/Cell/Chat (7.8.5483):
    - TUIChat/UI_Classic/Cell/Base
  - TUIChat/UI_Classic/Cell/Custom (7.8.5483):
    - TUIChat/UI_Classic/Cell/Chat
  - TUIChat/UI_Classic/Cell/Reply (7.8.5483):
    - TUIChat/UI_Classic/Cell/Custom
  - TUIChat/UI_Classic/Chat (7.8.5483):
    - TUIChat/UI_Classic/Input
  - TUIChat/UI_Classic/Header (7.8.5483):
    - TUIChat/UI_Classic/Service
  - TUIChat/UI_Classic/Input (7.8.5483):
    - TUIChat/UI_Classic/Cell
  - TUIChat/UI_Classic/Service (7.8.5483):
    - TUIChat/UI_Classic/Chat
  - TUIChat/VoiceConvert (7.8.5483)
  - TUIConversation/BaseCell (7.8.5483):
    - TUIConversation/BaseCell/CellData (= 7.8.5483)
    - TUIConversation/BaseCell/CellUI (= 7.8.5483)
  - TUIConversation/BaseCell/CellData (7.8.5483):
    - TUIConversation/CommonModel
  - TUIConversation/BaseCell/CellUI (7.8.5483):
    - TUIConversation/BaseCell/CellData
  - TUIConversation/BaseDataProvider (7.8.5483):
    - TUIConversation/BaseCell
  - TUIConversation/CommonModel (7.8.5483):
    - Masonry
    - ReactiveObjC
    - TIMCommon (= 7.8.5483)
    - TUICore (= 7.8.5483)
    - TXIMSDK_Plus_iOS (~> 7.8.5483)
  - TUIConversation/UI_Classic (7.8.5483):
    - TUIConversation/UI_Classic/DataProvider (= 7.8.5483)
    - TUIConversation/UI_Classic/Header (= 7.8.5483)
    - TUIConversation/UI_Classic/Service (= 7.8.5483)
    - TUIConversation/UI_Classic/UI (= 7.8.5483)
  - TUIConversation/UI_Classic/DataProvider (7.8.5483):
    - TUIConversation/BaseDataProvider
  - TUIConversation/UI_Classic/Header (7.8.5483):
    - TUIConversation/UI_Classic/Service
  - TUIConversation/UI_Classic/Service (7.8.5483):
    - TUIConversation/UI_Classic/UI
  - TUIConversation/UI_Classic/UI (7.8.5483):
    - TUIConversation/UI_Classic/DataProvider
  - TUICore (7.8.5483):
    - SDWebImage
    - TUICore/ImSDK_Plus (= 7.8.5483)
  - TUICore/Base (7.8.5483):
    - SDWebImage
  - TUICore/ImSDK_Plus (7.8.5483):
    - SDWebImage
    - TUICore/Base
    - TXIMSDK_Plus_iOS (~> 7.8.5483)
  - TXIMSDK_Plus_iOS (7.8.5483)
  - WaterfallGrid (1.0.1)

DEPENDENCIES:
  - AliyunOSSiOS
  - Introspect
  - JCore (= 3.2.3-noidfa)
  - JDStatusBarNotification
  - JPush (= 4.8.0)
  - KakaJSON
  - Kingfisher
  - Lantern
  - lottie-ios
  - Moya
  - Moya/Combine (~> 15.0)
  - PanModal
  - SPAlert
  - SwifterSwift
  - SwiftyJSON
  - SwiftyStoreKit
  - Tagly
  - TencentCloudHuiyanSDKFace_framework (from `./TencentCloudHuiyanSDKFace_framework`)
  - TUIChat/UI_Classic
  - TUIConversation/UI_Classic
  - TXIMSDK_Plus_iOS
  - WaterfallGrid (~> 1.0.1)

SPEC REPOS:
  trunk:
    - Alamofire
    - AliyunOSSiOS
    - Introspect
    - JCore
    - JDStatusBarNotification
    - JPush
    - KakaJSON
    - Kingfisher
    - Lantern
    - lottie-ios
    - Masonry
    - Moya
    - PanModal
    - ReactiveObjC
    - SDWebImage
    - SPAlert
    - SwifterSwift
    - SwiftyJSON
    - SwiftyStoreKit
    - Tagly
    - TIMCommon
    - TUIChat
    - TUIConversation
    - TUICore
    - TXIMSDK_Plus_iOS
    - WaterfallGrid

EXTERNAL SOURCES:
  TencentCloudHuiyanSDKFace_framework:
    :path: "./TencentCloudHuiyanSDKFace_framework"

SPEC CHECKSUMS:
  Alamofire: 3ca42e259043ee0dc5c0cdd76c4bc568b8e42af7
  AliyunOSSiOS: e683c1b1faa0657b5cd02de733628cf996f4cd93
  Introspect: b66b675de8a85d9ef832f3a710d8e3c7db186884
  JCore: cec6c836350ac9e30f7241e6cd0d5fdcfb927da6
  JDStatusBarNotification: d43e8481174a2c5f195d16ce65c611f4a12bf507
  JPush: b4b212aa773928303f25dafb5eb048b34232fd3a
  KakaJSON: cc5ff50a8c1cfbb09413db8496cb709a209e6137
  Kingfisher: b9c985d864d43515f404f1ef4a8ce7d802ace3ac
  Lantern: b192e7146c6d04e15e627f37281254a6a8593703
  lottie-ios: e047b1d2e6239b787cc5e9755b988869cf190494
  Masonry: 678fab65091a9290e40e2832a55e7ab731aad201
  Moya: 138f0573e53411fb3dc17016add0b748dfbd78ee
  PanModal: 3e16ead1a907fb06f4df3f13492fd00149fa4974
  ReactiveObjC: 011caa393aa0383245f2dcf9bf02e86b80b36040
  SDWebImage: 981fd7e860af070920f249fd092420006014c3eb
  SPAlert: 7027ed9df9a2ba8202cab39fd05b53e110f48a99
  SwifterSwift: 66843dc594f8fb890f5543c22545921d44acc004
  SwiftyJSON: 2f33a42c6fbc52764d96f13368585094bfd8aa5e
  SwiftyStoreKit: 6b9c08810269f030586dac1fae8e75871a82e84a
  Tagly: deb459c698853a3fffce027fedb92dcb7cf5c68e
  TencentCloudHuiyanSDKFace_framework: 6c0ea650106aee00f32d7ec59fa21e4b818736a3
  TIMCommon: f87e96822cc1df0ec9fea9049301922ae3f742a5
  TUIChat: 45f37caa632381bd1a05deb20f66a58ef25dc4d5
  TUIConversation: 4e38373e51a1188aaa2072116329587d8554883c
  TUICore: 8e855f83a1b7a04a57dec07c1b71fae83c871d19
  TXIMSDK_Plus_iOS: 9559f6aebc6d69314521d17235bdb3ab58599be3
  WaterfallGrid: 0554a759d9a8aa136fc1769480ddb01bc6fb94b9

PODFILE CHECKSUM: 1e6fd761e5de6b679b7e1ae112795501ed14f8bd

COCOAPODS: 1.15.2
