{
  "originHash" : "c3cc2913dff8170c755b1dee95641e45ecd975ad6ec3e73aaf973e90db01522b",
  "pins" : [
    {
      "identity" : "pow",
      "kind" : "remoteSourceControl",
      "location" : "https://github.com/movingparts-io/Pow",
      "state" : {
        "revision" : "cc014eba4b65f689cadc281ad925de5607f2adc9",
        "version" : "1.0.3"
      }
    },
    {
      "identity" : "swiftuix",
      "kind" : "remoteSourceControl",
      "location" : "https://github.com/SwiftUIX/SwiftUIX.git",
      "state" : {
        "revision" : "a5a22a1aaca885c229f475af049d75a6d9144de8",
        "version" : "0.1.9"
      }
    }
  ],
  "version" : 3
}
